// !$*UTF8*$!
{
	archiveVersion = 1;
	classes = {
	};
	objectVersion = 46;
	objects = {

/* Begin PBXBuildFile section */
		6117B08D1CD0F19E00C764CF /* HMNewFutureViewController.m in Sources */ = {isa = PBXBuildFile; fileRef = 6117B08C1CD0F19E00C764CF /* HMNewFutureViewController.m */; };
		614ED37D1CCC71CE001EE125 /* HMMenu.m in Sources */ = {isa = PBXBuildFile; fileRef = 614ED37C1CCC71CE001EE125 /* HMMenu.m */; };
		6152C3E81CCE300E00305E59 /* HMTabBar.m in Sources */ = {isa = PBXBuildFile; fileRef = 6152C3E71CCE300E00305E59 /* HMTabBar.m */; };
		61702A261CCB5B17002E15A5 /* HMDiscoverTableViewController.m in Sources */ = {isa = PBXBuildFile; fileRef = 617029FF1CCB5B17002E15A5 /* HMDiscoverTableViewController.m */; };
		61702A271CCB5B17002E15A5 /* HMHomeTableViewController.m in Sources */ = {isa = PBXBuildFile; fileRef = 61702A051CCB5B17002E15A5 /* HMHomeTableViewController.m */; };
		61702A281CCB5B17002E15A5 /* UIView+HMExtention.m in Sources */ = {isa = PBXBuildFile; fileRef = 61702A0B1CCB5B17002E15A5 /* UIView+HMExtention.m */; };
		61702A291CCB5B17002E15A5 /* AppDelegate.m in Sources */ = {isa = PBXBuildFile; fileRef = 61702A0F1CCB5B17002E15A5 /* AppDelegate.m */; };
		61702A2A1CCB5B17002E15A5 /* HMNavigationViewController.m in Sources */ = {isa = PBXBuildFile; fileRef = 61702A111CCB5B17002E15A5 /* HMNavigationViewController.m */; };
		61702A2B1CCB5B17002E15A5 /* HMTabBarViewController.m in Sources */ = {isa = PBXBuildFile; fileRef = 61702A131CCB5B17002E15A5 /* HMTabBarViewController.m */; };
		61702A2C1CCB5B17002E15A5 /* main.m in Sources */ = {isa = PBXBuildFile; fileRef = 61702A141CCB5B17002E15A5 /* main.m */; };
		61702A2D1CCB5B17002E15A5 /* HMTest1ViewController.m in Sources */ = {isa = PBXBuildFile; fileRef = 61702A171CCB5B17002E15A5 /* HMTest1ViewController.m */; };
		61702A2E1CCB5B17002E15A5 /* HMTest2ViewController.m in Sources */ = {isa = PBXBuildFile; fileRef = 61702A191CCB5B17002E15A5 /* HMTest2ViewController.m */; };
		61702A2F1CCB5B17002E15A5 /* HMMessageTableViewController.m in Sources */ = {isa = PBXBuildFile; fileRef = 61702A1D1CCB5B17002E15A5 /* HMMessageTableViewController.m */; };
		61702A301CCB5B17002E15A5 /* HMProfileTableViewController.m in Sources */ = {isa = PBXBuildFile; fileRef = 61702A231CCB5B17002E15A5 /* HMProfileTableViewController.m */; };
		61702A331CCB6C70002E15A5 /* UIBarButtonItem+HMBarButtonItem.m in Sources */ = {isa = PBXBuildFile; fileRef = 61702A321CCB6C70002E15A5 /* UIBarButtonItem+HMBarButtonItem.m */; };
		61702A3A1CCB921D002E15A5 /* HMSeatchBarTextField.m in Sources */ = {isa = PBXBuildFile; fileRef = 61702A391CCB921D002E15A5 /* HMSeatchBarTextField.m */; };
		617B59371E1759F80053685C /* HMPhoto.m in Sources */ = {isa = PBXBuildFile; fileRef = 617B59361E1759F80053685C /* HMPhoto.m */; };
		617B593A1E19058B0053685C /* HMStatusToolBar.m in Sources */ = {isa = PBXBuildFile; fileRef = 617B59391E19058B0053685C /* HMStatusToolBar.m */; };
		617B593C1E1BF6E60053685C /* fakeStatus.plist in Resources */ = {isa = PBXBuildFile; fileRef = 617B593B1E1BF6E60053685C /* fakeStatus.plist */; };
		617C47921DFB98CC00F51207 /* AFHTTPRequestOperation.m in Sources */ = {isa = PBXBuildFile; fileRef = 617C47801DFB98CC00F51207 /* AFHTTPRequestOperation.m */; };
		617C47931DFB98CC00F51207 /* AFHTTPRequestOperationManager.m in Sources */ = {isa = PBXBuildFile; fileRef = 617C47821DFB98CC00F51207 /* AFHTTPRequestOperationManager.m */; };
		617C47941DFB98CC00F51207 /* AFHTTPSessionManager.m in Sources */ = {isa = PBXBuildFile; fileRef = 617C47841DFB98CC00F51207 /* AFHTTPSessionManager.m */; };
		617C47951DFB98CC00F51207 /* AFNetworkReachabilityManager.m in Sources */ = {isa = PBXBuildFile; fileRef = 617C47871DFB98CC00F51207 /* AFNetworkReachabilityManager.m */; };
		617C47961DFB98CC00F51207 /* AFSecurityPolicy.m in Sources */ = {isa = PBXBuildFile; fileRef = 617C47891DFB98CC00F51207 /* AFSecurityPolicy.m */; };
		617C47971DFB98CC00F51207 /* AFURLConnectionOperation.m in Sources */ = {isa = PBXBuildFile; fileRef = 617C478B1DFB98CC00F51207 /* AFURLConnectionOperation.m */; };
		617C47981DFB98CC00F51207 /* AFURLRequestSerialization.m in Sources */ = {isa = PBXBuildFile; fileRef = 617C478D1DFB98CC00F51207 /* AFURLRequestSerialization.m */; };
		617C47991DFB98CC00F51207 /* AFURLResponseSerialization.m in Sources */ = {isa = PBXBuildFile; fileRef = 617C478F1DFB98CC00F51207 /* AFURLResponseSerialization.m */; };
		617C479A1DFB98CC00F51207 /* AFURLSessionManager.m in Sources */ = {isa = PBXBuildFile; fileRef = 617C47911DFB98CC00F51207 /* AFURLSessionManager.m */; };
		618104381DFD1636000630A8 /* UIWindow+HMExtension.m in Sources */ = {isa = PBXBuildFile; fileRef = 618104371DFD1636000630A8 /* UIWindow+HMExtension.m */; };
		6181043A1DFD966D000630A8 /* Foundation+Log.m in Sources */ = {isa = PBXBuildFile; fileRef = 618104391DFD966D000630A8 /* Foundation+Log.m */; };
		6187F5A31DFC54B200CB9CC7 /* HMAccountTool.m in Sources */ = {isa = PBXBuildFile; fileRef = 6187F59D1DFC54B200CB9CC7 /* HMAccountTool.m */; };
		6187F5A41DFC54B200CB9CC7 /* HMAcountModel.m in Sources */ = {isa = PBXBuildFile; fileRef = 6187F5A01DFC54B200CB9CC7 /* HMAcountModel.m */; };
		6187F5A51DFC54B200CB9CC7 /* HMOauthViewController.m in Sources */ = {isa = PBXBuildFile; fileRef = 6187F5A21DFC54B200CB9CC7 /* HMOauthViewController.m */; };
		618A0FB31DFC318500D62CD3 /* MBProgressHUD+MJ.m in Sources */ = {isa = PBXBuildFile; fileRef = 618A0FAF1DFC318500D62CD3 /* MBProgressHUD+MJ.m */; };
		618A0FB41DFC318500D62CD3 /* MBProgressHUD.bundle in Resources */ = {isa = PBXBuildFile; fileRef = 618A0FB01DFC318500D62CD3 /* MBProgressHUD.bundle */; };
		618A0FB51DFC318500D62CD3 /* MBProgressHUD.m in Sources */ = {isa = PBXBuildFile; fileRef = 618A0FB21DFC318500D62CD3 /* MBProgressHUD.m */; };
		619E14941E1146B70050BF44 /* HMStatusCell.m in Sources */ = {isa = PBXBuildFile; fileRef = 619E14931E1146B70050BF44 /* HMStatusCell.m */; };
		619E14971E1146CF0050BF44 /* HMStatusFrame.m in Sources */ = {isa = PBXBuildFile; fileRef = 619E14961E1146CF0050BF44 /* HMStatusFrame.m */; };
		61CDE3AE1E05484C0040BCEF /* HMStatus.m in Sources */ = {isa = PBXBuildFile; fileRef = 61CDE3AB1E05484C0040BCEF /* HMStatus.m */; };
		61CDE3AF1E05484C0040BCEF /* HMUser.m in Sources */ = {isa = PBXBuildFile; fileRef = 61CDE3AD1E05484C0040BCEF /* HMUser.m */; };
		61CDE3C81E054CDC0040BCEF /* MJArgument.m in Sources */ = {isa = PBXBuildFile; fileRef = 61CDE3B21E054CDC0040BCEF /* MJArgument.m */; };
		61CDE3C91E054CDC0040BCEF /* MJConst.m in Sources */ = {isa = PBXBuildFile; fileRef = 61CDE3B41E054CDC0040BCEF /* MJConst.m */; };
		61CDE3CA1E054CDC0040BCEF /* MJFoundation.m in Sources */ = {isa = PBXBuildFile; fileRef = 61CDE3B71E054CDC0040BCEF /* MJFoundation.m */; };
		61CDE3CB1E054CDC0040BCEF /* MJIvar.m in Sources */ = {isa = PBXBuildFile; fileRef = 61CDE3B91E054CDC0040BCEF /* MJIvar.m */; };
		61CDE3CC1E054CDC0040BCEF /* MJMember.m in Sources */ = {isa = PBXBuildFile; fileRef = 61CDE3BB1E054CDC0040BCEF /* MJMember.m */; };
		61CDE3CD1E054CDC0040BCEF /* MJMethod.m in Sources */ = {isa = PBXBuildFile; fileRef = 61CDE3BD1E054CDC0040BCEF /* MJMethod.m */; };
		61CDE3CE1E054CDC0040BCEF /* MJType.m in Sources */ = {isa = PBXBuildFile; fileRef = 61CDE3BF1E054CDC0040BCEF /* MJType.m */; };
		61CDE3CF1E054CDC0040BCEF /* MJTypeEncoding.m in Sources */ = {isa = PBXBuildFile; fileRef = 61CDE3C11E054CDC0040BCEF /* MJTypeEncoding.m */; };
		61CDE3D01E054CDC0040BCEF /* NSObject+MJCoding.m in Sources */ = {isa = PBXBuildFile; fileRef = 61CDE3C31E054CDC0040BCEF /* NSObject+MJCoding.m */; };
		61CDE3D11E054CDC0040BCEF /* NSObject+MJKeyValue.m in Sources */ = {isa = PBXBuildFile; fileRef = 61CDE3C51E054CDC0040BCEF /* NSObject+MJKeyValue.m */; };
		61CDE3D21E054CDC0040BCEF /* NSObject+MJMember.m in Sources */ = {isa = PBXBuildFile; fileRef = 61CDE3C71E054CDC0040BCEF /* NSObject+MJMember.m */; };
		61CDE3ED1E0699AB0040BCEF /* HMLoadMoreFooter.m in Sources */ = {isa = PBXBuildFile; fileRef = 61CDE3E81E0699AB0040BCEF /* HMLoadMoreFooter.m */; };
		61CDE3EE1E0699AB0040BCEF /* HMLoadMoreFooter.xib in Resources */ = {isa = PBXBuildFile; fileRef = 61CDE3E91E0699AB0040BCEF /* HMLoadMoreFooter.xib */; };
		61CDE3F41E069A280040BCEF /* HWLoadMoreFooter.m in Sources */ = {isa = PBXBuildFile; fileRef = 61CDE3F21E069A280040BCEF /* HWLoadMoreFooter.m */; };
		61CDE3F51E069A280040BCEF /* HWLoadMoreFooter.xib in Resources */ = {isa = PBXBuildFile; fileRef = 61CDE3F31E069A280040BCEF /* HWLoadMoreFooter.xib */; };
		61EA10B41E00375E007E25A7 /* HMMyButton.m in Sources */ = {isa = PBXBuildFile; fileRef = 61EA10B31E00375E007E25A7 /* HMMyButton.m */; };
		6918A7321CC71BBE009B2A11 /* Assets.xcassets in Resources */ = {isa = PBXBuildFile; fileRef = 6918A7311CC71BBE009B2A11 /* Assets.xcassets */; };
		6918A7351CC71BBE009B2A11 /* LaunchScreen.storyboard in Resources */ = {isa = PBXBuildFile; fileRef = 6918A7331CC71BBE009B2A11 /* LaunchScreen.storyboard */; };
		6918A7401CC71BBE009B2A11 /* HM2Tests.m in Sources */ = {isa = PBXBuildFile; fileRef = 6918A73F1CC71BBE009B2A11 /* HM2Tests.m */; };
		6918A74B1CC71BBE009B2A11 /* HM2UITests.m in Sources */ = {isa = PBXBuildFile; fileRef = 6918A74A1CC71BBE009B2A11 /* HM2UITests.m */; };
		9AAED3621E03857200FA9E66 /* MKAnnotationView+WebCache.m in Sources */ = {isa = PBXBuildFile; fileRef = 9AAED3421E03857200FA9E66 /* MKAnnotationView+WebCache.m */; };
		9AAED3631E03857200FA9E66 /* NSData+ImageContentType.m in Sources */ = {isa = PBXBuildFile; fileRef = 9AAED3441E03857200FA9E66 /* NSData+ImageContentType.m */; };
		9AAED3641E03857200FA9E66 /* SDImageCache.m in Sources */ = {isa = PBXBuildFile; fileRef = 9AAED3461E03857200FA9E66 /* SDImageCache.m */; };
		9AAED3651E03857200FA9E66 /* SDWebImageCompat.m in Sources */ = {isa = PBXBuildFile; fileRef = 9AAED3481E03857200FA9E66 /* SDWebImageCompat.m */; };
		9AAED3661E03857200FA9E66 /* SDWebImageDecoder.m in Sources */ = {isa = PBXBuildFile; fileRef = 9AAED34A1E03857200FA9E66 /* SDWebImageDecoder.m */; };
		9AAED3671E03857200FA9E66 /* SDWebImageDownloader.m in Sources */ = {isa = PBXBuildFile; fileRef = 9AAED34C1E03857200FA9E66 /* SDWebImageDownloader.m */; };
		9AAED3681E03857200FA9E66 /* SDWebImageDownloaderOperation.m in Sources */ = {isa = PBXBuildFile; fileRef = 9AAED34E1E03857200FA9E66 /* SDWebImageDownloaderOperation.m */; };
		9AAED3691E03857200FA9E66 /* SDWebImageManager.m in Sources */ = {isa = PBXBuildFile; fileRef = 9AAED3501E03857200FA9E66 /* SDWebImageManager.m */; };
		9AAED36A1E03857200FA9E66 /* SDWebImagePrefetcher.m in Sources */ = {isa = PBXBuildFile; fileRef = 9AAED3531E03857200FA9E66 /* SDWebImagePrefetcher.m */; };
		9AAED36B1E03857200FA9E66 /* UIButton+WebCache.m in Sources */ = {isa = PBXBuildFile; fileRef = 9AAED3551E03857200FA9E66 /* UIButton+WebCache.m */; };
		9AAED36C1E03857200FA9E66 /* UIImage+GIF.m in Sources */ = {isa = PBXBuildFile; fileRef = 9AAED3571E03857200FA9E66 /* UIImage+GIF.m */; };
		9AAED36D1E03857200FA9E66 /* UIImage+MultiFormat.m in Sources */ = {isa = PBXBuildFile; fileRef = 9AAED3591E03857200FA9E66 /* UIImage+MultiFormat.m */; };
		9AAED36E1E03857200FA9E66 /* UIImage+WebP.m in Sources */ = {isa = PBXBuildFile; fileRef = 9AAED35B1E03857200FA9E66 /* UIImage+WebP.m */; };
		9AAED36F1E03857200FA9E66 /* UIImageView+HighlightedWebCache.m in Sources */ = {isa = PBXBuildFile; fileRef = 9AAED35D1E03857200FA9E66 /* UIImageView+HighlightedWebCache.m */; };
		9AAED3701E03857200FA9E66 /* UIImageView+WebCache.m in Sources */ = {isa = PBXBuildFile; fileRef = 9AAED35F1E03857200FA9E66 /* UIImageView+WebCache.m */; };
		9AAED3711E03857200FA9E66 /* UIView+WebCacheOperation.m in Sources */ = {isa = PBXBuildFile; fileRef = 9AAED3611E03857200FA9E66 /* UIView+WebCacheOperation.m */; };
/* End PBXBuildFile section */

/* Begin PBXContainerItemProxy section */
		6918A73C1CC71BBE009B2A11 /* PBXContainerItemProxy */ = {
			isa = PBXContainerItemProxy;
			containerPortal = 6918A71A1CC71BBE009B2A11 /* Project object */;
			proxyType = 1;
			remoteGlobalIDString = 6918A7211CC71BBE009B2A11;
			remoteInfo = HM2;
		};
		6918A7471CC71BBE009B2A11 /* PBXContainerItemProxy */ = {
			isa = PBXContainerItemProxy;
			containerPortal = 6918A71A1CC71BBE009B2A11 /* Project object */;
			proxyType = 1;
			remoteGlobalIDString = 6918A7211CC71BBE009B2A11;
			remoteInfo = HM2;
		};
/* End PBXContainerItemProxy section */

/* Begin PBXFileReference section */
		6117B08B1CD0F19E00C764CF /* HMNewFutureViewController.h */ = {isa = PBXFileReference; fileEncoding = 4; lastKnownFileType = sourcecode.c.h; path = HMNewFutureViewController.h; sourceTree = "<group>"; };
		6117B08C1CD0F19E00C764CF /* HMNewFutureViewController.m */ = {isa = PBXFileReference; fileEncoding = 4; lastKnownFileType = sourcecode.c.objc; path = HMNewFutureViewController.m; sourceTree = "<group>"; };
		611AB45B1CCA1DDD003C2211 /* PrefixHeader.pch */ = {isa = PBXFileReference; lastKnownFileType = sourcecode.c.h; path = PrefixHeader.pch; sourceTree = "<group>"; };
		614ED37B1CCC71CE001EE125 /* HMMenu.h */ = {isa = PBXFileReference; fileEncoding = 4; lastKnownFileType = sourcecode.c.h; path = HMMenu.h; sourceTree = "<group>"; };
		614ED37C1CCC71CE001EE125 /* HMMenu.m */ = {isa = PBXFileReference; fileEncoding = 4; lastKnownFileType = sourcecode.c.objc; path = HMMenu.m; sourceTree = "<group>"; };
		6152C3E61CCE300E00305E59 /* HMTabBar.h */ = {isa = PBXFileReference; fileEncoding = 4; lastKnownFileType = sourcecode.c.h; path = HMTabBar.h; sourceTree = "<group>"; };
		6152C3E71CCE300E00305E59 /* HMTabBar.m */ = {isa = PBXFileReference; fileEncoding = 4; lastKnownFileType = sourcecode.c.objc; path = HMTabBar.m; sourceTree = "<group>"; };
		617029FE1CCB5B17002E15A5 /* HMDiscoverTableViewController.h */ = {isa = PBXFileReference; fileEncoding = 4; lastKnownFileType = sourcecode.c.h; path = HMDiscoverTableViewController.h; sourceTree = "<group>"; };
		617029FF1CCB5B17002E15A5 /* HMDiscoverTableViewController.m */ = {isa = PBXFileReference; fileEncoding = 4; lastKnownFileType = sourcecode.c.objc; path = HMDiscoverTableViewController.m; sourceTree = "<group>"; };
		61702A041CCB5B17002E15A5 /* HMHomeTableViewController.h */ = {isa = PBXFileReference; fileEncoding = 4; lastKnownFileType = sourcecode.c.h; path = HMHomeTableViewController.h; sourceTree = "<group>"; };
		61702A051CCB5B17002E15A5 /* HMHomeTableViewController.m */ = {isa = PBXFileReference; fileEncoding = 4; lastKnownFileType = sourcecode.c.objc; path = HMHomeTableViewController.m; sourceTree = "<group>"; };
		61702A0A1CCB5B17002E15A5 /* UIView+HMExtention.h */ = {isa = PBXFileReference; fileEncoding = 4; lastKnownFileType = sourcecode.c.h; path = "UIView+HMExtention.h"; sourceTree = "<group>"; };
		61702A0B1CCB5B17002E15A5 /* UIView+HMExtention.m */ = {isa = PBXFileReference; fileEncoding = 4; lastKnownFileType = sourcecode.c.objc; path = "UIView+HMExtention.m"; sourceTree = "<group>"; };
		61702A0E1CCB5B17002E15A5 /* AppDelegate.h */ = {isa = PBXFileReference; fileEncoding = 4; lastKnownFileType = sourcecode.c.h; path = AppDelegate.h; sourceTree = "<group>"; };
		61702A0F1CCB5B17002E15A5 /* AppDelegate.m */ = {isa = PBXFileReference; fileEncoding = 4; lastKnownFileType = sourcecode.c.objc; path = AppDelegate.m; sourceTree = "<group>"; };
		61702A101CCB5B17002E15A5 /* HMNavigationViewController.h */ = {isa = PBXFileReference; fileEncoding = 4; lastKnownFileType = sourcecode.c.h; path = HMNavigationViewController.h; sourceTree = "<group>"; };
		61702A111CCB5B17002E15A5 /* HMNavigationViewController.m */ = {isa = PBXFileReference; fileEncoding = 4; lastKnownFileType = sourcecode.c.objc; path = HMNavigationViewController.m; sourceTree = "<group>"; };
		61702A121CCB5B17002E15A5 /* HMTabBarViewController.h */ = {isa = PBXFileReference; fileEncoding = 4; lastKnownFileType = sourcecode.c.h; path = HMTabBarViewController.h; sourceTree = "<group>"; };
		61702A131CCB5B17002E15A5 /* HMTabBarViewController.m */ = {isa = PBXFileReference; fileEncoding = 4; lastKnownFileType = sourcecode.c.objc; path = HMTabBarViewController.m; sourceTree = "<group>"; };
		61702A141CCB5B17002E15A5 /* main.m */ = {isa = PBXFileReference; fileEncoding = 4; lastKnownFileType = sourcecode.c.objc; path = main.m; sourceTree = "<group>"; };
		61702A161CCB5B17002E15A5 /* HMTest1ViewController.h */ = {isa = PBXFileReference; fileEncoding = 4; lastKnownFileType = sourcecode.c.h; path = HMTest1ViewController.h; sourceTree = "<group>"; };
		61702A171CCB5B17002E15A5 /* HMTest1ViewController.m */ = {isa = PBXFileReference; fileEncoding = 4; lastKnownFileType = sourcecode.c.objc; path = HMTest1ViewController.m; sourceTree = "<group>"; };
		61702A181CCB5B17002E15A5 /* HMTest2ViewController.h */ = {isa = PBXFileReference; fileEncoding = 4; lastKnownFileType = sourcecode.c.h; path = HMTest2ViewController.h; sourceTree = "<group>"; };
		61702A191CCB5B17002E15A5 /* HMTest2ViewController.m */ = {isa = PBXFileReference; fileEncoding = 4; lastKnownFileType = sourcecode.c.objc; path = HMTest2ViewController.m; sourceTree = "<group>"; };
		61702A1C1CCB5B17002E15A5 /* HMMessageTableViewController.h */ = {isa = PBXFileReference; fileEncoding = 4; lastKnownFileType = sourcecode.c.h; path = HMMessageTableViewController.h; sourceTree = "<group>"; };
		61702A1D1CCB5B17002E15A5 /* HMMessageTableViewController.m */ = {isa = PBXFileReference; fileEncoding = 4; lastKnownFileType = sourcecode.c.objc; path = HMMessageTableViewController.m; sourceTree = "<group>"; };
		61702A221CCB5B17002E15A5 /* HMProfileTableViewController.h */ = {isa = PBXFileReference; fileEncoding = 4; lastKnownFileType = sourcecode.c.h; path = HMProfileTableViewController.h; sourceTree = "<group>"; };
		61702A231CCB5B17002E15A5 /* HMProfileTableViewController.m */ = {isa = PBXFileReference; fileEncoding = 4; lastKnownFileType = sourcecode.c.objc; path = HMProfileTableViewController.m; sourceTree = "<group>"; };
		61702A311CCB6C70002E15A5 /* UIBarButtonItem+HMBarButtonItem.h */ = {isa = PBXFileReference; fileEncoding = 4; lastKnownFileType = sourcecode.c.h; name = "UIBarButtonItem+HMBarButtonItem.h"; path = "../Other/UIBarButtonItem+HMBarButtonItem.h"; sourceTree = "<group>"; };
		61702A321CCB6C70002E15A5 /* UIBarButtonItem+HMBarButtonItem.m */ = {isa = PBXFileReference; fileEncoding = 4; lastKnownFileType = sourcecode.c.objc; name = "UIBarButtonItem+HMBarButtonItem.m"; path = "../Other/UIBarButtonItem+HMBarButtonItem.m"; sourceTree = "<group>"; };
		61702A381CCB921D002E15A5 /* HMSeatchBarTextField.h */ = {isa = PBXFileReference; fileEncoding = 4; lastKnownFileType = sourcecode.c.h; path = HMSeatchBarTextField.h; sourceTree = "<group>"; };
		61702A391CCB921D002E15A5 /* HMSeatchBarTextField.m */ = {isa = PBXFileReference; fileEncoding = 4; lastKnownFileType = sourcecode.c.objc; path = HMSeatchBarTextField.m; sourceTree = "<group>"; };
		617B59351E1759F80053685C /* HMPhoto.h */ = {isa = PBXFileReference; fileEncoding = 4; lastKnownFileType = sourcecode.c.h; path = HMPhoto.h; sourceTree = "<group>"; };
		617B59361E1759F80053685C /* HMPhoto.m */ = {isa = PBXFileReference; fileEncoding = 4; lastKnownFileType = sourcecode.c.objc; path = HMPhoto.m; sourceTree = "<group>"; };
		617B59381E19058B0053685C /* HMStatusToolBar.h */ = {isa = PBXFileReference; fileEncoding = 4; lastKnownFileType = sourcecode.c.h; path = HMStatusToolBar.h; sourceTree = "<group>"; };
		617B59391E19058B0053685C /* HMStatusToolBar.m */ = {isa = PBXFileReference; fileEncoding = 4; lastKnownFileType = sourcecode.c.objc; path = HMStatusToolBar.m; sourceTree = "<group>"; };
		617B593B1E1BF6E60053685C /* fakeStatus.plist */ = {isa = PBXFileReference; fileEncoding = 4; lastKnownFileType = text.plist.xml; path = fakeStatus.plist; sourceTree = "<group>"; };
		617C477F1DFB98CC00F51207 /* AFHTTPRequestOperation.h */ = {isa = PBXFileReference; fileEncoding = 4; lastKnownFileType = sourcecode.c.h; path = AFHTTPRequestOperation.h; sourceTree = "<group>"; };
		617C47801DFB98CC00F51207 /* AFHTTPRequestOperation.m */ = {isa = PBXFileReference; fileEncoding = 4; lastKnownFileType = sourcecode.c.objc; path = AFHTTPRequestOperation.m; sourceTree = "<group>"; };
		617C47811DFB98CC00F51207 /* AFHTTPRequestOperationManager.h */ = {isa = PBXFileReference; fileEncoding = 4; lastKnownFileType = sourcecode.c.h; path = AFHTTPRequestOperationManager.h; sourceTree = "<group>"; };
		617C47821DFB98CC00F51207 /* AFHTTPRequestOperationManager.m */ = {isa = PBXFileReference; fileEncoding = 4; lastKnownFileType = sourcecode.c.objc; path = AFHTTPRequestOperationManager.m; sourceTree = "<group>"; };
		617C47831DFB98CC00F51207 /* AFHTTPSessionManager.h */ = {isa = PBXFileReference; fileEncoding = 4; lastKnownFileType = sourcecode.c.h; path = AFHTTPSessionManager.h; sourceTree = "<group>"; };
		617C47841DFB98CC00F51207 /* AFHTTPSessionManager.m */ = {isa = PBXFileReference; fileEncoding = 4; lastKnownFileType = sourcecode.c.objc; path = AFHTTPSessionManager.m; sourceTree = "<group>"; };
		617C47851DFB98CC00F51207 /* AFNetworking.h */ = {isa = PBXFileReference; fileEncoding = 4; lastKnownFileType = sourcecode.c.h; path = AFNetworking.h; sourceTree = "<group>"; };
		617C47861DFB98CC00F51207 /* AFNetworkReachabilityManager.h */ = {isa = PBXFileReference; fileEncoding = 4; lastKnownFileType = sourcecode.c.h; path = AFNetworkReachabilityManager.h; sourceTree = "<group>"; };
		617C47871DFB98CC00F51207 /* AFNetworkReachabilityManager.m */ = {isa = PBXFileReference; fileEncoding = 4; lastKnownFileType = sourcecode.c.objc; path = AFNetworkReachabilityManager.m; sourceTree = "<group>"; };
		617C47881DFB98CC00F51207 /* AFSecurityPolicy.h */ = {isa = PBXFileReference; fileEncoding = 4; lastKnownFileType = sourcecode.c.h; path = AFSecurityPolicy.h; sourceTree = "<group>"; };
		617C47891DFB98CC00F51207 /* AFSecurityPolicy.m */ = {isa = PBXFileReference; fileEncoding = 4; lastKnownFileType = sourcecode.c.objc; path = AFSecurityPolicy.m; sourceTree = "<group>"; };
		617C478A1DFB98CC00F51207 /* AFURLConnectionOperation.h */ = {isa = PBXFileReference; fileEncoding = 4; lastKnownFileType = sourcecode.c.h; path = AFURLConnectionOperation.h; sourceTree = "<group>"; };
		617C478B1DFB98CC00F51207 /* AFURLConnectionOperation.m */ = {isa = PBXFileReference; fileEncoding = 4; lastKnownFileType = sourcecode.c.objc; path = AFURLConnectionOperation.m; sourceTree = "<group>"; };
		617C478C1DFB98CC00F51207 /* AFURLRequestSerialization.h */ = {isa = PBXFileReference; fileEncoding = 4; lastKnownFileType = sourcecode.c.h; path = AFURLRequestSerialization.h; sourceTree = "<group>"; };
		617C478D1DFB98CC00F51207 /* AFURLRequestSerialization.m */ = {isa = PBXFileReference; fileEncoding = 4; lastKnownFileType = sourcecode.c.objc; path = AFURLRequestSerialization.m; sourceTree = "<group>"; };
		617C478E1DFB98CC00F51207 /* AFURLResponseSerialization.h */ = {isa = PBXFileReference; fileEncoding = 4; lastKnownFileType = sourcecode.c.h; path = AFURLResponseSerialization.h; sourceTree = "<group>"; };
		617C478F1DFB98CC00F51207 /* AFURLResponseSerialization.m */ = {isa = PBXFileReference; fileEncoding = 4; lastKnownFileType = sourcecode.c.objc; path = AFURLResponseSerialization.m; sourceTree = "<group>"; };
		617C47901DFB98CC00F51207 /* AFURLSessionManager.h */ = {isa = PBXFileReference; fileEncoding = 4; lastKnownFileType = sourcecode.c.h; path = AFURLSessionManager.h; sourceTree = "<group>"; };
		617C47911DFB98CC00F51207 /* AFURLSessionManager.m */ = {isa = PBXFileReference; fileEncoding = 4; lastKnownFileType = sourcecode.c.objc; path = AFURLSessionManager.m; sourceTree = "<group>"; };
		618104361DFD1636000630A8 /* UIWindow+HMExtension.h */ = {isa = PBXFileReference; fileEncoding = 4; lastKnownFileType = sourcecode.c.h; path = "UIWindow+HMExtension.h"; sourceTree = "<group>"; };
		618104371DFD1636000630A8 /* UIWindow+HMExtension.m */ = {isa = PBXFileReference; fileEncoding = 4; lastKnownFileType = sourcecode.c.objc; path = "UIWindow+HMExtension.m"; sourceTree = "<group>"; };
		618104391DFD966D000630A8 /* Foundation+Log.m */ = {isa = PBXFileReference; fileEncoding = 4; lastKnownFileType = sourcecode.c.objc; path = "Foundation+Log.m"; sourceTree = "<group>"; };
		6187F59C1DFC54B200CB9CC7 /* HMAccountTool.h */ = {isa = PBXFileReference; fileEncoding = 4; lastKnownFileType = sourcecode.c.h; path = HMAccountTool.h; sourceTree = "<group>"; };
		6187F59D1DFC54B200CB9CC7 /* HMAccountTool.m */ = {isa = PBXFileReference; fileEncoding = 4; lastKnownFileType = sourcecode.c.objc; path = HMAccountTool.m; sourceTree = "<group>"; };
		6187F59F1DFC54B200CB9CC7 /* HMAcountModel.h */ = {isa = PBXFileReference; fileEncoding = 4; lastKnownFileType = sourcecode.c.h; path = HMAcountModel.h; sourceTree = "<group>"; };
		6187F5A01DFC54B200CB9CC7 /* HMAcountModel.m */ = {isa = PBXFileReference; fileEncoding = 4; lastKnownFileType = sourcecode.c.objc; path = HMAcountModel.m; sourceTree = "<group>"; };
		6187F5A11DFC54B200CB9CC7 /* HMOauthViewController.h */ = {isa = PBXFileReference; fileEncoding = 4; lastKnownFileType = sourcecode.c.h; path = HMOauthViewController.h; sourceTree = "<group>"; };
		6187F5A21DFC54B200CB9CC7 /* HMOauthViewController.m */ = {isa = PBXFileReference; fileEncoding = 4; lastKnownFileType = sourcecode.c.objc; path = HMOauthViewController.m; sourceTree = "<group>"; };
		618A0FAE1DFC318500D62CD3 /* MBProgressHUD+MJ.h */ = {isa = PBXFileReference; fileEncoding = 4; lastKnownFileType = sourcecode.c.h; path = "MBProgressHUD+MJ.h"; sourceTree = "<group>"; };
		618A0FAF1DFC318500D62CD3 /* MBProgressHUD+MJ.m */ = {isa = PBXFileReference; fileEncoding = 4; lastKnownFileType = sourcecode.c.objc; path = "MBProgressHUD+MJ.m"; sourceTree = "<group>"; };
		618A0FB01DFC318500D62CD3 /* MBProgressHUD.bundle */ = {isa = PBXFileReference; lastKnownFileType = "wrapper.plug-in"; path = MBProgressHUD.bundle; sourceTree = "<group>"; };
		618A0FB11DFC318500D62CD3 /* MBProgressHUD.h */ = {isa = PBXFileReference; fileEncoding = 4; lastKnownFileType = sourcecode.c.h; path = MBProgressHUD.h; sourceTree = "<group>"; };
		618A0FB21DFC318500D62CD3 /* MBProgressHUD.m */ = {isa = PBXFileReference; fileEncoding = 4; lastKnownFileType = sourcecode.c.objc; path = MBProgressHUD.m; sourceTree = "<group>"; };
		619E14921E1146B70050BF44 /* HMStatusCell.h */ = {isa = PBXFileReference; fileEncoding = 4; lastKnownFileType = sourcecode.c.h; path = HMStatusCell.h; sourceTree = "<group>"; };
		619E14931E1146B70050BF44 /* HMStatusCell.m */ = {isa = PBXFileReference; fileEncoding = 4; lastKnownFileType = sourcecode.c.objc; path = HMStatusCell.m; sourceTree = "<group>"; };
		619E14951E1146CF0050BF44 /* HMStatusFrame.h */ = {isa = PBXFileReference; fileEncoding = 4; lastKnownFileType = sourcecode.c.h; path = HMStatusFrame.h; sourceTree = "<group>"; };
		619E14961E1146CF0050BF44 /* HMStatusFrame.m */ = {isa = PBXFileReference; fileEncoding = 4; lastKnownFileType = sourcecode.c.objc; path = HMStatusFrame.m; sourceTree = "<group>"; };
		61CDE3AA1E05484C0040BCEF /* HMStatus.h */ = {isa = PBXFileReference; fileEncoding = 4; lastKnownFileType = sourcecode.c.h; path = HMStatus.h; sourceTree = "<group>"; };
		61CDE3AB1E05484C0040BCEF /* HMStatus.m */ = {isa = PBXFileReference; fileEncoding = 4; lastKnownFileType = sourcecode.c.objc; path = HMStatus.m; sourceTree = "<group>"; };
		61CDE3AC1E05484C0040BCEF /* HMUser.h */ = {isa = PBXFileReference; fileEncoding = 4; lastKnownFileType = sourcecode.c.h; path = HMUser.h; sourceTree = "<group>"; };
		61CDE3AD1E05484C0040BCEF /* HMUser.m */ = {isa = PBXFileReference; fileEncoding = 4; lastKnownFileType = sourcecode.c.objc; path = HMUser.m; sourceTree = "<group>"; };
		61CDE3B11E054CDC0040BCEF /* MJArgument.h */ = {isa = PBXFileReference; fileEncoding = 4; lastKnownFileType = sourcecode.c.h; path = MJArgument.h; sourceTree = "<group>"; };
		61CDE3B21E054CDC0040BCEF /* MJArgument.m */ = {isa = PBXFileReference; fileEncoding = 4; lastKnownFileType = sourcecode.c.objc; path = MJArgument.m; sourceTree = "<group>"; };
		61CDE3B31E054CDC0040BCEF /* MJConst.h */ = {isa = PBXFileReference; fileEncoding = 4; lastKnownFileType = sourcecode.c.h; path = MJConst.h; sourceTree = "<group>"; };
		61CDE3B41E054CDC0040BCEF /* MJConst.m */ = {isa = PBXFileReference; fileEncoding = 4; lastKnownFileType = sourcecode.c.objc; path = MJConst.m; sourceTree = "<group>"; };
		61CDE3B51E054CDC0040BCEF /* MJExtension.h */ = {isa = PBXFileReference; fileEncoding = 4; lastKnownFileType = sourcecode.c.h; path = MJExtension.h; sourceTree = "<group>"; };
		61CDE3B61E054CDC0040BCEF /* MJFoundation.h */ = {isa = PBXFileReference; fileEncoding = 4; lastKnownFileType = sourcecode.c.h; path = MJFoundation.h; sourceTree = "<group>"; };
		61CDE3B71E054CDC0040BCEF /* MJFoundation.m */ = {isa = PBXFileReference; fileEncoding = 4; lastKnownFileType = sourcecode.c.objc; path = MJFoundation.m; sourceTree = "<group>"; };
		61CDE3B81E054CDC0040BCEF /* MJIvar.h */ = {isa = PBXFileReference; fileEncoding = 4; lastKnownFileType = sourcecode.c.h; path = MJIvar.h; sourceTree = "<group>"; };
		61CDE3B91E054CDC0040BCEF /* MJIvar.m */ = {isa = PBXFileReference; fileEncoding = 4; lastKnownFileType = sourcecode.c.objc; path = MJIvar.m; sourceTree = "<group>"; };
		61CDE3BA1E054CDC0040BCEF /* MJMember.h */ = {isa = PBXFileReference; fileEncoding = 4; lastKnownFileType = sourcecode.c.h; path = MJMember.h; sourceTree = "<group>"; };
		61CDE3BB1E054CDC0040BCEF /* MJMember.m */ = {isa = PBXFileReference; fileEncoding = 4; lastKnownFileType = sourcecode.c.objc; path = MJMember.m; sourceTree = "<group>"; };
		61CDE3BC1E054CDC0040BCEF /* MJMethod.h */ = {isa = PBXFileReference; fileEncoding = 4; lastKnownFileType = sourcecode.c.h; path = MJMethod.h; sourceTree = "<group>"; };
		61CDE3BD1E054CDC0040BCEF /* MJMethod.m */ = {isa = PBXFileReference; fileEncoding = 4; lastKnownFileType = sourcecode.c.objc; path = MJMethod.m; sourceTree = "<group>"; };
		61CDE3BE1E054CDC0040BCEF /* MJType.h */ = {isa = PBXFileReference; fileEncoding = 4; lastKnownFileType = sourcecode.c.h; path = MJType.h; sourceTree = "<group>"; };
		61CDE3BF1E054CDC0040BCEF /* MJType.m */ = {isa = PBXFileReference; fileEncoding = 4; lastKnownFileType = sourcecode.c.objc; path = MJType.m; sourceTree = "<group>"; };
		61CDE3C01E054CDC0040BCEF /* MJTypeEncoding.h */ = {isa = PBXFileReference; fileEncoding = 4; lastKnownFileType = sourcecode.c.h; path = MJTypeEncoding.h; sourceTree = "<group>"; };
		61CDE3C11E054CDC0040BCEF /* MJTypeEncoding.m */ = {isa = PBXFileReference; fileEncoding = 4; lastKnownFileType = sourcecode.c.objc; path = MJTypeEncoding.m; sourceTree = "<group>"; };
		61CDE3C21E054CDC0040BCEF /* NSObject+MJCoding.h */ = {isa = PBXFileReference; fileEncoding = 4; lastKnownFileType = sourcecode.c.h; path = "NSObject+MJCoding.h"; sourceTree = "<group>"; };
		61CDE3C31E054CDC0040BCEF /* NSObject+MJCoding.m */ = {isa = PBXFileReference; fileEncoding = 4; lastKnownFileType = sourcecode.c.objc; path = "NSObject+MJCoding.m"; sourceTree = "<group>"; };
		61CDE3C41E054CDC0040BCEF /* NSObject+MJKeyValue.h */ = {isa = PBXFileReference; fileEncoding = 4; lastKnownFileType = sourcecode.c.h; path = "NSObject+MJKeyValue.h"; sourceTree = "<group>"; };
		61CDE3C51E054CDC0040BCEF /* NSObject+MJKeyValue.m */ = {isa = PBXFileReference; fileEncoding = 4; lastKnownFileType = sourcecode.c.objc; path = "NSObject+MJKeyValue.m"; sourceTree = "<group>"; };
		61CDE3C61E054CDC0040BCEF /* NSObject+MJMember.h */ = {isa = PBXFileReference; fileEncoding = 4; lastKnownFileType = sourcecode.c.h; path = "NSObject+MJMember.h"; sourceTree = "<group>"; };
		61CDE3C71E054CDC0040BCEF /* NSObject+MJMember.m */ = {isa = PBXFileReference; fileEncoding = 4; lastKnownFileType = sourcecode.c.objc; path = "NSObject+MJMember.m"; sourceTree = "<group>"; };
		61CDE3E71E0699AB0040BCEF /* HMLoadMoreFooter.h */ = {isa = PBXFileReference; fileEncoding = 4; lastKnownFileType = sourcecode.c.h; path = HMLoadMoreFooter.h; sourceTree = "<group>"; };
		61CDE3E81E0699AB0040BCEF /* HMLoadMoreFooter.m */ = {isa = PBXFileReference; fileEncoding = 4; lastKnownFileType = sourcecode.c.objc; path = HMLoadMoreFooter.m; sourceTree = "<group>"; };
		61CDE3E91E0699AB0040BCEF /* HMLoadMoreFooter.xib */ = {isa = PBXFileReference; fileEncoding = 4; lastKnownFileType = file.xib; path = HMLoadMoreFooter.xib; sourceTree = "<group>"; };
		61CDE3F11E069A280040BCEF /* HWLoadMoreFooter.h */ = {isa = PBXFileReference; fileEncoding = 4; lastKnownFileType = sourcecode.c.h; path = HWLoadMoreFooter.h; sourceTree = "<group>"; };
		61CDE3F21E069A280040BCEF /* HWLoadMoreFooter.m */ = {isa = PBXFileReference; fileEncoding = 4; lastKnownFileType = sourcecode.c.objc; path = HWLoadMoreFooter.m; sourceTree = "<group>"; };
		61CDE3F31E069A280040BCEF /* HWLoadMoreFooter.xib */ = {isa = PBXFileReference; fileEncoding = 4; lastKnownFileType = file.xib; path = HWLoadMoreFooter.xib; sourceTree = "<group>"; };
		61EA10B21E00375E007E25A7 /* HMMyButton.h */ = {isa = PBXFileReference; fileEncoding = 4; lastKnownFileType = sourcecode.c.h; path = HMMyButton.h; sourceTree = "<group>"; };
		61EA10B31E00375E007E25A7 /* HMMyButton.m */ = {isa = PBXFileReference; fileEncoding = 4; lastKnownFileType = sourcecode.c.objc; path = HMMyButton.m; sourceTree = "<group>"; };
		6918A7221CC71BBE009B2A11 /* HM2.app */ = {isa = PBXFileReference; explicitFileType = wrapper.application; includeInIndex = 0; path = HM2.app; sourceTree = BUILT_PRODUCTS_DIR; };
		6918A7311CC71BBE009B2A11 /* Assets.xcassets */ = {isa = PBXFileReference; lastKnownFileType = folder.assetcatalog; path = Assets.xcassets; sourceTree = "<group>"; };
		6918A7341CC71BBE009B2A11 /* Base */ = {isa = PBXFileReference; lastKnownFileType = file.storyboard; name = Base; path = Base.lproj/LaunchScreen.storyboard; sourceTree = "<group>"; };
		6918A7361CC71BBE009B2A11 /* Info.plist */ = {isa = PBXFileReference; lastKnownFileType = text.plist.xml; path = Info.plist; sourceTree = "<group>"; };
		6918A73B1CC71BBE009B2A11 /* HM2Tests.xctest */ = {isa = PBXFileReference; explicitFileType = wrapper.cfbundle; includeInIndex = 0; path = HM2Tests.xctest; sourceTree = BUILT_PRODUCTS_DIR; };
		6918A73F1CC71BBE009B2A11 /* HM2Tests.m */ = {isa = PBXFileReference; lastKnownFileType = sourcecode.c.objc; path = HM2Tests.m; sourceTree = "<group>"; };
		6918A7411CC71BBE009B2A11 /* Info.plist */ = {isa = PBXFileReference; lastKnownFileType = text.plist.xml; path = Info.plist; sourceTree = "<group>"; };
		6918A7461CC71BBE009B2A11 /* HM2UITests.xctest */ = {isa = PBXFileReference; explicitFileType = wrapper.cfbundle; includeInIndex = 0; path = HM2UITests.xctest; sourceTree = BUILT_PRODUCTS_DIR; };
		6918A74A1CC71BBE009B2A11 /* HM2UITests.m */ = {isa = PBXFileReference; lastKnownFileType = sourcecode.c.objc; path = HM2UITests.m; sourceTree = "<group>"; };
		6918A74C1CC71BBE009B2A11 /* Info.plist */ = {isa = PBXFileReference; lastKnownFileType = text.plist.xml; path = Info.plist; sourceTree = "<group>"; };
		9AAED3411E03857200FA9E66 /* MKAnnotationView+WebCache.h */ = {isa = PBXFileReference; fileEncoding = 4; lastKnownFileType = sourcecode.c.h; path = "MKAnnotationView+WebCache.h"; sourceTree = "<group>"; };
		9AAED3421E03857200FA9E66 /* MKAnnotationView+WebCache.m */ = {isa = PBXFileReference; fileEncoding = 4; lastKnownFileType = sourcecode.c.objc; path = "MKAnnotationView+WebCache.m"; sourceTree = "<group>"; };
		9AAED3431E03857200FA9E66 /* NSData+ImageContentType.h */ = {isa = PBXFileReference; fileEncoding = 4; lastKnownFileType = sourcecode.c.h; path = "NSData+ImageContentType.h"; sourceTree = "<group>"; };
		9AAED3441E03857200FA9E66 /* NSData+ImageContentType.m */ = {isa = PBXFileReference; fileEncoding = 4; lastKnownFileType = sourcecode.c.objc; path = "NSData+ImageContentType.m"; sourceTree = "<group>"; };
		9AAED3451E03857200FA9E66 /* SDImageCache.h */ = {isa = PBXFileReference; fileEncoding = 4; lastKnownFileType = sourcecode.c.h; path = SDImageCache.h; sourceTree = "<group>"; };
		9AAED3461E03857200FA9E66 /* SDImageCache.m */ = {isa = PBXFileReference; fileEncoding = 4; lastKnownFileType = sourcecode.c.objc; path = SDImageCache.m; sourceTree = "<group>"; };
		9AAED3471E03857200FA9E66 /* SDWebImageCompat.h */ = {isa = PBXFileReference; fileEncoding = 4; lastKnownFileType = sourcecode.c.h; path = SDWebImageCompat.h; sourceTree = "<group>"; };
		9AAED3481E03857200FA9E66 /* SDWebImageCompat.m */ = {isa = PBXFileReference; fileEncoding = 4; lastKnownFileType = sourcecode.c.objc; path = SDWebImageCompat.m; sourceTree = "<group>"; };
		9AAED3491E03857200FA9E66 /* SDWebImageDecoder.h */ = {isa = PBXFileReference; fileEncoding = 4; lastKnownFileType = sourcecode.c.h; path = SDWebImageDecoder.h; sourceTree = "<group>"; };
		9AAED34A1E03857200FA9E66 /* SDWebImageDecoder.m */ = {isa = PBXFileReference; fileEncoding = 4; lastKnownFileType = sourcecode.c.objc; path = SDWebImageDecoder.m; sourceTree = "<group>"; };
		9AAED34B1E03857200FA9E66 /* SDWebImageDownloader.h */ = {isa = PBXFileReference; fileEncoding = 4; lastKnownFileType = sourcecode.c.h; path = SDWebImageDownloader.h; sourceTree = "<group>"; };
		9AAED34C1E03857200FA9E66 /* SDWebImageDownloader.m */ = {isa = PBXFileReference; fileEncoding = 4; lastKnownFileType = sourcecode.c.objc; path = SDWebImageDownloader.m; sourceTree = "<group>"; };
		9AAED34D1E03857200FA9E66 /* SDWebImageDownloaderOperation.h */ = {isa = PBXFileReference; fileEncoding = 4; lastKnownFileType = sourcecode.c.h; path = SDWebImageDownloaderOperation.h; sourceTree = "<group>"; };
		9AAED34E1E03857200FA9E66 /* SDWebImageDownloaderOperation.m */ = {isa = PBXFileReference; fileEncoding = 4; lastKnownFileType = sourcecode.c.objc; path = SDWebImageDownloaderOperation.m; sourceTree = "<group>"; };
		9AAED34F1E03857200FA9E66 /* SDWebImageManager.h */ = {isa = PBXFileReference; fileEncoding = 4; lastKnownFileType = sourcecode.c.h; path = SDWebImageManager.h; sourceTree = "<group>"; };
		9AAED3501E03857200FA9E66 /* SDWebImageManager.m */ = {isa = PBXFileReference; fileEncoding = 4; lastKnownFileType = sourcecode.c.objc; path = SDWebImageManager.m; sourceTree = "<group>"; };
		9AAED3511E03857200FA9E66 /* SDWebImageOperation.h */ = {isa = PBXFileReference; fileEncoding = 4; lastKnownFileType = sourcecode.c.h; path = SDWebImageOperation.h; sourceTree = "<group>"; };
		9AAED3521E03857200FA9E66 /* SDWebImagePrefetcher.h */ = {isa = PBXFileReference; fileEncoding = 4; lastKnownFileType = sourcecode.c.h; path = SDWebImagePrefetcher.h; sourceTree = "<group>"; };
		9AAED3531E03857200FA9E66 /* SDWebImagePrefetcher.m */ = {isa = PBXFileReference; fileEncoding = 4; lastKnownFileType = sourcecode.c.objc; path = SDWebImagePrefetcher.m; sourceTree = "<group>"; };
		9AAED3541E03857200FA9E66 /* UIButton+WebCache.h */ = {isa = PBXFileReference; fileEncoding = 4; lastKnownFileType = sourcecode.c.h; path = "UIButton+WebCache.h"; sourceTree = "<group>"; };
		9AAED3551E03857200FA9E66 /* UIButton+WebCache.m */ = {isa = PBXFileReference; fileEncoding = 4; lastKnownFileType = sourcecode.c.objc; path = "UIButton+WebCache.m"; sourceTree = "<group>"; };
		9AAED3561E03857200FA9E66 /* UIImage+GIF.h */ = {isa = PBXFileReference; fileEncoding = 4; lastKnownFileType = sourcecode.c.h; path = "UIImage+GIF.h"; sourceTree = "<group>"; };
		9AAED3571E03857200FA9E66 /* UIImage+GIF.m */ = {isa = PBXFileReference; fileEncoding = 4; lastKnownFileType = sourcecode.c.objc; path = "UIImage+GIF.m"; sourceTree = "<group>"; };
		9AAED3581E03857200FA9E66 /* UIImage+MultiFormat.h */ = {isa = PBXFileReference; fileEncoding = 4; lastKnownFileType = sourcecode.c.h; path = "UIImage+MultiFormat.h"; sourceTree = "<group>"; };
		9AAED3591E03857200FA9E66 /* UIImage+MultiFormat.m */ = {isa = PBXFileReference; fileEncoding = 4; lastKnownFileType = sourcecode.c.objc; path = "UIImage+MultiFormat.m"; sourceTree = "<group>"; };
		9AAED35A1E03857200FA9E66 /* UIImage+WebP.h */ = {isa = PBXFileReference; fileEncoding = 4; lastKnownFileType = sourcecode.c.h; path = "UIImage+WebP.h"; sourceTree = "<group>"; };
		9AAED35B1E03857200FA9E66 /* UIImage+WebP.m */ = {isa = PBXFileReference; fileEncoding = 4; lastKnownFileType = sourcecode.c.objc; path = "UIImage+WebP.m"; sourceTree = "<group>"; };
		9AAED35C1E03857200FA9E66 /* UIImageView+HighlightedWebCache.h */ = {isa = PBXFileReference; fileEncoding = 4; lastKnownFileType = sourcecode.c.h; path = "UIImageView+HighlightedWebCache.h"; sourceTree = "<group>"; };
		9AAED35D1E03857200FA9E66 /* UIImageView+HighlightedWebCache.m */ = {isa = PBXFileReference; fileEncoding = 4; lastKnownFileType = sourcecode.c.objc; path = "UIImageView+HighlightedWebCache.m"; sourceTree = "<group>"; };
		9AAED35E1E03857200FA9E66 /* UIImageView+WebCache.h */ = {isa = PBXFileReference; fileEncoding = 4; lastKnownFileType = sourcecode.c.h; path = "UIImageView+WebCache.h"; sourceTree = "<group>"; };
		9AAED35F1E03857200FA9E66 /* UIImageView+WebCache.m */ = {isa = PBXFileReference; fileEncoding = 4; lastKnownFileType = sourcecode.c.objc; path = "UIImageView+WebCache.m"; sourceTree = "<group>"; };
		9AAED3601E03857200FA9E66 /* UIView+WebCacheOperation.h */ = {isa = PBXFileReference; fileEncoding = 4; lastKnownFileType = sourcecode.c.h; path = "UIView+WebCacheOperation.h"; sourceTree = "<group>"; };
		9AAED3611E03857200FA9E66 /* UIView+WebCacheOperation.m */ = {isa = PBXFileReference; fileEncoding = 4; lastKnownFileType = sourcecode.c.objc; path = "UIView+WebCacheOperation.m"; sourceTree = "<group>"; };
/* End PBXFileReference section */

/* Begin PBXFrameworksBuildPhase section */
		6918A71F1CC71BBE009B2A11 /* Frameworks */ = {
			isa = PBXFrameworksBuildPhase;
			buildActionMask = 2147483647;
			files = (
			);
			runOnlyForDeploymentPostprocessing = 0;
		};
		6918A7381CC71BBE009B2A11 /* Frameworks */ = {
			isa = PBXFrameworksBuildPhase;
			buildActionMask = 2147483647;
			files = (
			);
			runOnlyForDeploymentPostprocessing = 0;
		};
		6918A7431CC71BBE009B2A11 /* Frameworks */ = {
			isa = PBXFrameworksBuildPhase;
			buildActionMask = 2147483647;
			files = (
			);
			runOnlyForDeploymentPostprocessing = 0;
		};
/* End PBXFrameworksBuildPhase section */

/* Begin PBXGroup section */
		6117B08A1CD0F14A00C764CF /* NewFuture */ = {
			isa = PBXGroup;
			children = (
				6117B08B1CD0F19E00C764CF /* HMNewFutureViewController.h */,
				6117B08C1CD0F19E00C764CF /* HMNewFutureViewController.m */,
			);
			path = NewFuture;
			sourceTree = "<group>";
		};
		617029FB1CCB5B17002E15A5 /* Classes */ = {
			isa = PBXGroup;
			children = (
				6187F59A1DFC54B200CB9CC7 /* Oauth */,
				6117B08A1CD0F14A00C764CF /* NewFuture */,
				617029FC1CCB5B17002E15A5 /* Discover */,
				61702A021CCB5B17002E15A5 /* Home */,
				61702A081CCB5B17002E15A5 /* Main */,
				61702A1A1CCB5B17002E15A5 /* MessageCenter */,
				61702A201CCB5B17002E15A5 /* Profile */,
			);
			path = Classes;
			sourceTree = "<group>";
		};
		617029FC1CCB5B17002E15A5 /* Discover */ = {
			isa = PBXGroup;
			children = (
				617029FD1CCB5B17002E15A5 /* Controller */,
				61702A001CCB5B17002E15A5 /* Model */,
				61702A011CCB5B17002E15A5 /* View */,
			);
			path = Discover;
			sourceTree = "<group>";
		};
		617029FD1CCB5B17002E15A5 /* Controller */ = {
			isa = PBXGroup;
			children = (
				617029FE1CCB5B17002E15A5 /* HMDiscoverTableViewController.h */,
				617029FF1CCB5B17002E15A5 /* HMDiscoverTableViewController.m */,
			);
			path = Controller;
			sourceTree = "<group>";
		};
		61702A001CCB5B17002E15A5 /* Model */ = {
			isa = PBXGroup;
			children = (
			);
			path = Model;
			sourceTree = "<group>";
		};
		61702A011CCB5B17002E15A5 /* View */ = {
			isa = PBXGroup;
			children = (
			);
			path = View;
			sourceTree = "<group>";
		};
		61702A021CCB5B17002E15A5 /* Home */ = {
			isa = PBXGroup;
			children = (
				61CDE3A91E05484C0040BCEF /* Model */,
				61702A031CCB5B17002E15A5 /* Controller */,
				61702A071CCB5B17002E15A5 /* View */,
			);
			path = Home;
			sourceTree = "<group>";
		};
		61702A031CCB5B17002E15A5 /* Controller */ = {
			isa = PBXGroup;
			children = (
				61702A041CCB5B17002E15A5 /* HMHomeTableViewController.h */,
				61702A051CCB5B17002E15A5 /* HMHomeTableViewController.m */,
			);
			path = Controller;
			sourceTree = "<group>";
		};
		61702A071CCB5B17002E15A5 /* View */ = {
			isa = PBXGroup;
			children = (
				61CDE3F11E069A280040BCEF /* HWLoadMoreFooter.h */,
				61CDE3F21E069A280040BCEF /* HWLoadMoreFooter.m */,
				61CDE3F31E069A280040BCEF /* HWLoadMoreFooter.xib */,
				61CDE3E71E0699AB0040BCEF /* HMLoadMoreFooter.h */,
				61CDE3E81E0699AB0040BCEF /* HMLoadMoreFooter.m */,
				61CDE3E91E0699AB0040BCEF /* HMLoadMoreFooter.xib */,
				614ED37B1CCC71CE001EE125 /* HMMenu.h */,
				614ED37C1CCC71CE001EE125 /* HMMenu.m */,
				61EA10B21E00375E007E25A7 /* HMMyButton.h */,
				61EA10B31E00375E007E25A7 /* HMMyButton.m */,
				619E14921E1146B70050BF44 /* HMStatusCell.h */,
				619E14931E1146B70050BF44 /* HMStatusCell.m */,
				617B59381E19058B0053685C /* HMStatusToolBar.h */,
				617B59391E19058B0053685C /* HMStatusToolBar.m */,
			);
			path = View;
			sourceTree = "<group>";
		};
		61702A081CCB5B17002E15A5 /* Main */ = {
			isa = PBXGroup;
			children = (
				61702A341CCB9119002E15A5 /* view */,
				61702A091CCB5B17002E15A5 /* Catogra */,
				61702A0C1CCB5B17002E15A5 /* Lib */,
				61702A0D1CCB5B17002E15A5 /* Other */,
				61702A151CCB5B17002E15A5 /* Temp */,
			);
			path = Main;
			sourceTree = "<group>";
		};
		61702A091CCB5B17002E15A5 /* Catogra */ = {
			isa = PBXGroup;
			children = (
				618104391DFD966D000630A8 /* Foundation+Log.m */,
				61702A0A1CCB5B17002E15A5 /* UIView+HMExtention.h */,
				61702A0B1CCB5B17002E15A5 /* UIView+HMExtention.m */,
				61702A311CCB6C70002E15A5 /* UIBarButtonItem+HMBarButtonItem.h */,
				61702A321CCB6C70002E15A5 /* UIBarButtonItem+HMBarButtonItem.m */,
				618104361DFD1636000630A8 /* UIWindow+HMExtension.h */,
				618104371DFD1636000630A8 /* UIWindow+HMExtension.m */,
			);
			path = Catogra;
			sourceTree = "<group>";
		};
		61702A0C1CCB5B17002E15A5 /* Lib */ = {
			isa = PBXGroup;
			children = (
				61CDE3B01E054CDC0040BCEF /* MJExtension */,
				9AAED3401E03857200FA9E66 /* SDWebImage */,
				618A0FAD1DFC318500D62CD3 /* MBProgressHUD */,
				617C477E1DFB98CC00F51207 /* AFNetworking */,
			);
			path = Lib;
			sourceTree = "<group>";
		};
		61702A0D1CCB5B17002E15A5 /* Other */ = {
			isa = PBXGroup;
			children = (
				61702A0E1CCB5B17002E15A5 /* AppDelegate.h */,
				61702A0F1CCB5B17002E15A5 /* AppDelegate.m */,
				61702A101CCB5B17002E15A5 /* HMNavigationViewController.h */,
				61702A111CCB5B17002E15A5 /* HMNavigationViewController.m */,
				61702A121CCB5B17002E15A5 /* HMTabBarViewController.h */,
				61702A131CCB5B17002E15A5 /* HMTabBarViewController.m */,
				61702A141CCB5B17002E15A5 /* main.m */,
			);
			path = Other;
			sourceTree = "<group>";
		};
		61702A151CCB5B17002E15A5 /* Temp */ = {
			isa = PBXGroup;
			children = (
				61702A161CCB5B17002E15A5 /* HMTest1ViewController.h */,
				61702A171CCB5B17002E15A5 /* HMTest1ViewController.m */,
				61702A181CCB5B17002E15A5 /* HMTest2ViewController.h */,
				61702A191CCB5B17002E15A5 /* HMTest2ViewController.m */,
			);
			path = Temp;
			sourceTree = "<group>";
		};
		61702A1A1CCB5B17002E15A5 /* MessageCenter */ = {
			isa = PBXGroup;
			children = (
				61702A1B1CCB5B17002E15A5 /* Controller */,
				61702A1E1CCB5B17002E15A5 /* Model */,
				61702A1F1CCB5B17002E15A5 /* View */,
			);
			path = MessageCenter;
			sourceTree = "<group>";
		};
		61702A1B1CCB5B17002E15A5 /* Controller */ = {
			isa = PBXGroup;
			children = (
				61702A1C1CCB5B17002E15A5 /* HMMessageTableViewController.h */,
				61702A1D1CCB5B17002E15A5 /* HMMessageTableViewController.m */,
			);
			path = Controller;
			sourceTree = "<group>";
		};
		61702A1E1CCB5B17002E15A5 /* Model */ = {
			isa = PBXGroup;
			children = (
			);
			path = Model;
			sourceTree = "<group>";
		};
		61702A1F1CCB5B17002E15A5 /* View */ = {
			isa = PBXGroup;
			children = (
			);
			path = View;
			sourceTree = "<group>";
		};
		61702A201CCB5B17002E15A5 /* Profile */ = {
			isa = PBXGroup;
			children = (
				61702A211CCB5B17002E15A5 /* Controller */,
				61702A241CCB5B17002E15A5 /* Model */,
				61702A251CCB5B17002E15A5 /* View */,
			);
			path = Profile;
			sourceTree = "<group>";
		};
		61702A211CCB5B17002E15A5 /* Controller */ = {
			isa = PBXGroup;
			children = (
				61702A221CCB5B17002E15A5 /* HMProfileTableViewController.h */,
				61702A231CCB5B17002E15A5 /* HMProfileTableViewController.m */,
			);
			path = Controller;
			sourceTree = "<group>";
		};
		61702A241CCB5B17002E15A5 /* Model */ = {
			isa = PBXGroup;
			children = (
			);
			path = Model;
			sourceTree = "<group>";
		};
		61702A251CCB5B17002E15A5 /* View */ = {
			isa = PBXGroup;
			children = (
			);
			path = View;
			sourceTree = "<group>";
		};
		61702A341CCB9119002E15A5 /* view */ = {
			isa = PBXGroup;
			children = (
				61702A381CCB921D002E15A5 /* HMSeatchBarTextField.h */,
				61702A391CCB921D002E15A5 /* HMSeatchBarTextField.m */,
				6152C3E61CCE300E00305E59 /* HMTabBar.h */,
				6152C3E71CCE300E00305E59 /* HMTabBar.m */,
			);
			path = view;
			sourceTree = "<group>";
		};
		617C477E1DFB98CC00F51207 /* AFNetworking */ = {
			isa = PBXGroup;
			children = (
				617C477F1DFB98CC00F51207 /* AFHTTPRequestOperation.h */,
				617C47801DFB98CC00F51207 /* AFHTTPRequestOperation.m */,
				617C47811DFB98CC00F51207 /* AFHTTPRequestOperationManager.h */,
				617C47821DFB98CC00F51207 /* AFHTTPRequestOperationManager.m */,
				617C47831DFB98CC00F51207 /* AFHTTPSessionManager.h */,
				617C47841DFB98CC00F51207 /* AFHTTPSessionManager.m */,
				617C47851DFB98CC00F51207 /* AFNetworking.h */,
				617C47861DFB98CC00F51207 /* AFNetworkReachabilityManager.h */,
				617C47871DFB98CC00F51207 /* AFNetworkReachabilityManager.m */,
				617C47881DFB98CC00F51207 /* AFSecurityPolicy.h */,
				617C47891DFB98CC00F51207 /* AFSecurityPolicy.m */,
				617C478A1DFB98CC00F51207 /* AFURLConnectionOperation.h */,
				617C478B1DFB98CC00F51207 /* AFURLConnectionOperation.m */,
				617C478C1DFB98CC00F51207 /* AFURLRequestSerialization.h */,
				617C478D1DFB98CC00F51207 /* AFURLRequestSerialization.m */,
				617C478E1DFB98CC00F51207 /* AFURLResponseSerialization.h */,
				617C478F1DFB98CC00F51207 /* AFURLResponseSerialization.m */,
				617C47901DFB98CC00F51207 /* AFURLSessionManager.h */,
				617C47911DFB98CC00F51207 /* AFURLSessionManager.m */,
			);
			path = AFNetworking;
			sourceTree = "<group>";
		};
		6187F59A1DFC54B200CB9CC7 /* Oauth */ = {
			isa = PBXGroup;
			children = (
				6187F59B1DFC54B200CB9CC7 /* AccountTool */,
				6187F59E1DFC54B200CB9CC7 /* AcountModel */,
				6187F5A11DFC54B200CB9CC7 /* HMOauthViewController.h */,
				6187F5A21DFC54B200CB9CC7 /* HMOauthViewController.m */,
			);
			path = Oauth;
			sourceTree = "<group>";
		};
		6187F59B1DFC54B200CB9CC7 /* AccountTool */ = {
			isa = PBXGroup;
			children = (
				6187F59C1DFC54B200CB9CC7 /* HMAccountTool.h */,
				6187F59D1DFC54B200CB9CC7 /* HMAccountTool.m */,
			);
			path = AccountTool;
			sourceTree = "<group>";
		};
		6187F59E1DFC54B200CB9CC7 /* AcountModel */ = {
			isa = PBXGroup;
			children = (
				6187F59F1DFC54B200CB9CC7 /* HMAcountModel.h */,
				6187F5A01DFC54B200CB9CC7 /* HMAcountModel.m */,
			);
			path = AcountModel;
			sourceTree = "<group>";
		};
		618A0FAD1DFC318500D62CD3 /* MBProgressHUD */ = {
			isa = PBXGroup;
			children = (
				618A0FB01DFC318500D62CD3 /* MBProgressHUD.bundle */,
				618A0FAE1DFC318500D62CD3 /* MBProgressHUD+MJ.h */,
				618A0FAF1DFC318500D62CD3 /* MBProgressHUD+MJ.m */,
				618A0FB11DFC318500D62CD3 /* MBProgressHUD.h */,
				618A0FB21DFC318500D62CD3 /* MBProgressHUD.m */,
			);
			path = MBProgressHUD;
			sourceTree = "<group>";
		};
		61CDE3A91E05484C0040BCEF /* Model */ = {
			isa = PBXGroup;
			children = (
				61CDE3AA1E05484C0040BCEF /* HMStatus.h */,
				61CDE3AB1E05484C0040BCEF /* HMStatus.m */,
				61CDE3AC1E05484C0040BCEF /* HMUser.h */,
				61CDE3AD1E05484C0040BCEF /* HMUser.m */,
				619E14951E1146CF0050BF44 /* HMStatusFrame.h */,
				619E14961E1146CF0050BF44 /* HMStatusFrame.m */,
				617B59351E1759F80053685C /* HMPhoto.h */,
				617B59361E1759F80053685C /* HMPhoto.m */,
			);
			path = Model;
			sourceTree = "<group>";
		};
		61CDE3B01E054CDC0040BCEF /* MJExtension */ = {
			isa = PBXGroup;
			children = (
				61CDE3B11E054CDC0040BCEF /* MJArgument.h */,
				61CDE3B21E054CDC0040BCEF /* MJArgument.m */,
				61CDE3B31E054CDC0040BCEF /* MJConst.h */,
				61CDE3B41E054CDC0040BCEF /* MJConst.m */,
				61CDE3B51E054CDC0040BCEF /* MJExtension.h */,
				61CDE3B61E054CDC0040BCEF /* MJFoundation.h */,
				61CDE3B71E054CDC0040BCEF /* MJFoundation.m */,
				61CDE3B81E054CDC0040BCEF /* MJIvar.h */,
				61CDE3B91E054CDC0040BCEF /* MJIvar.m */,
				61CDE3BA1E054CDC0040BCEF /* MJMember.h */,
				61CDE3BB1E054CDC0040BCEF /* MJMember.m */,
				61CDE3BC1E054CDC0040BCEF /* MJMethod.h */,
				61CDE3BD1E054CDC0040BCEF /* MJMethod.m */,
				61CDE3BE1E054CDC0040BCEF /* MJType.h */,
				61CDE3BF1E054CDC0040BCEF /* MJType.m */,
				61CDE3C01E054CDC0040BCEF /* MJTypeEncoding.h */,
				61CDE3C11E054CDC0040BCEF /* MJTypeEncoding.m */,
				61CDE3C21E054CDC0040BCEF /* NSObject+MJCoding.h */,
				61CDE3C31E054CDC0040BCEF /* NSObject+MJCoding.m */,
				61CDE3C41E054CDC0040BCEF /* NSObject+MJKeyValue.h */,
				61CDE3C51E054CDC0040BCEF /* NSObject+MJKeyValue.m */,
				61CDE3C61E054CDC0040BCEF /* NSObject+MJMember.h */,
				61CDE3C71E054CDC0040BCEF /* NSObject+MJMember.m */,
			);
			path = MJExtension;
			sourceTree = "<group>";
		};
		6918A7191CC71BBE009B2A11 = {
			isa = PBXGroup;
			children = (
				6918A7241CC71BBE009B2A11 /* HM2 */,
				6918A73E1CC71BBE009B2A11 /* HM2Tests */,
				6918A7491CC71BBE009B2A11 /* HM2UITests */,
				6918A7231CC71BBE009B2A11 /* Products */,
			);
			sourceTree = "<group>";
		};
		6918A7231CC71BBE009B2A11 /* Products */ = {
			isa = PBXGroup;
			children = (
				6918A7221CC71BBE009B2A11 /* HM2.app */,
				6918A73B1CC71BBE009B2A11 /* HM2Tests.xctest */,
				6918A7461CC71BBE009B2A11 /* HM2UITests.xctest */,
			);
			name = Products;
			sourceTree = "<group>";
		};
		6918A7241CC71BBE009B2A11 /* HM2 */ = {
			isa = PBXGroup;
			children = (
				617029FB1CCB5B17002E15A5 /* Classes */,
				6918A7311CC71BBE009B2A11 /* Assets.xcassets */,
				6918A7331CC71BBE009B2A11 /* LaunchScreen.storyboard */,
				6918A7361CC71BBE009B2A11 /* Info.plist */,
				6918A7251CC71BBE009B2A11 /* Supporting Files */,
			);
			path = HM2;
			sourceTree = "<group>";
		};
		6918A7251CC71BBE009B2A11 /* Supporting Files */ = {
			isa = PBXGroup;
			children = (
				617B593B1E1BF6E60053685C /* fakeStatus.plist */,
				611AB45B1CCA1DDD003C2211 /* PrefixHeader.pch */,
			);
			name = "Supporting Files";
			sourceTree = "<group>";
		};
		6918A73E1CC71BBE009B2A11 /* HM2Tests */ = {
			isa = PBXGroup;
			children = (
				6918A73F1CC71BBE009B2A11 /* HM2Tests.m */,
				6918A7411CC71BBE009B2A11 /* Info.plist */,
			);
			path = HM2Tests;
			sourceTree = "<group>";
		};
		6918A7491CC71BBE009B2A11 /* HM2UITests */ = {
			isa = PBXGroup;
			children = (
				6918A74A1CC71BBE009B2A11 /* HM2UITests.m */,
				6918A74C1CC71BBE009B2A11 /* Info.plist */,
			);
			path = HM2UITests;
			sourceTree = "<group>";
		};
		9AAED3401E03857200FA9E66 /* SDWebImage */ = {
			isa = PBXGroup;
			children = (
				9AAED3411E03857200FA9E66 /* MKAnnotationView+WebCache.h */,
				9AAED3421E03857200FA9E66 /* MKAnnotationView+WebCache.m */,
				9AAED3431E03857200FA9E66 /* NSData+ImageContentType.h */,
				9AAED3441E03857200FA9E66 /* NSData+ImageContentType.m */,
				9AAED3451E03857200FA9E66 /* SDImageCache.h */,
				9AAED3461E03857200FA9E66 /* SDImageCache.m */,
				9AAED3471E03857200FA9E66 /* SDWebImageCompat.h */,
				9AAED3481E03857200FA9E66 /* SDWebImageCompat.m */,
				9AAED3491E03857200FA9E66 /* SDWebImageDecoder.h */,
				9AAED34A1E03857200FA9E66 /* SDWebImageDecoder.m */,
				9AAED34B1E03857200FA9E66 /* SDWebImageDownloader.h */,
				9AAED34C1E03857200FA9E66 /* SDWebImageDownloader.m */,
				9AAED34D1E03857200FA9E66 /* SDWebImageDownloaderOperation.h */,
				9AAED34E1E03857200FA9E66 /* SDWebImageDownloaderOperation.m */,
				9AAED34F1E03857200FA9E66 /* SDWebImageManager.h */,
				9AAED3501E03857200FA9E66 /* SDWebImageManager.m */,
				9AAED3511E03857200FA9E66 /* SDWebImageOperation.h */,
				9AAED3521E03857200FA9E66 /* SDWebImagePrefetcher.h */,
				9AAED3531E03857200FA9E66 /* SDWebImagePrefetcher.m */,
				9AAED3541E03857200FA9E66 /* UIButton+WebCache.h */,
				9AAED3551E03857200FA9E66 /* UIButton+WebCache.m */,
				9AAED3561E03857200FA9E66 /* UIImage+GIF.h */,
				9AAED3571E03857200FA9E66 /* UIImage+GIF.m */,
				9AAED3581E03857200FA9E66 /* UIImage+MultiFormat.h */,
				9AAED3591E03857200FA9E66 /* UIImage+MultiFormat.m */,
				9AAED35A1E03857200FA9E66 /* UIImage+WebP.h */,
				9AAED35B1E03857200FA9E66 /* UIImage+WebP.m */,
				9AAED35C1E03857200FA9E66 /* UIImageView+HighlightedWebCache.h */,
				9AAED35D1E03857200FA9E66 /* UIImageView+HighlightedWebCache.m */,
				9AAED35E1E03857200FA9E66 /* UIImageView+WebCache.h */,
				9AAED35F1E03857200FA9E66 /* UIImageView+WebCache.m */,
				9AAED3601E03857200FA9E66 /* UIView+WebCacheOperation.h */,
				9AAED3611E03857200FA9E66 /* UIView+WebCacheOperation.m */,
			);
			path = SDWebImage;
			sourceTree = "<group>";
		};
/* End PBXGroup section */

/* Begin PBXNativeTarget section */
		6918A7211CC71BBE009B2A11 /* HM2 */ = {
			isa = PBXNativeTarget;
			buildConfigurationList = 6918A74F1CC71BBE009B2A11 /* Build configuration list for PBXNativeTarget "HM2" */;
			buildPhases = (
				6918A71E1CC71BBE009B2A11 /* Sources */,
				6918A71F1CC71BBE009B2A11 /* Frameworks */,
				6918A7201CC71BBE009B2A11 /* Resources */,
			);
			buildRules = (
			);
			dependencies = (
			);
			name = HM2;
			productName = HM2;
			productReference = 6918A7221CC71BBE009B2A11 /* HM2.app */;
			productType = "com.apple.product-type.application";
		};
		6918A73A1CC71BBE009B2A11 /* HM2Tests */ = {
			isa = PBXNativeTarget;
			buildConfigurationList = 6918A7521CC71BBE009B2A11 /* Build configuration list for PBXNativeTarget "HM2Tests" */;
			buildPhases = (
				6918A7371CC71BBE009B2A11 /* Sources */,
				6918A7381CC71BBE009B2A11 /* Frameworks */,
				6918A7391CC71BBE009B2A11 /* Resources */,
			);
			buildRules = (
			);
			dependencies = (
				6918A73D1CC71BBE009B2A11 /* PBXTargetDependency */,
			);
			name = HM2Tests;
			productName = HM2Tests;
			productReference = 6918A73B1CC71BBE009B2A11 /* HM2Tests.xctest */;
			productType = "com.apple.product-type.bundle.unit-test";
		};
		6918A7451CC71BBE009B2A11 /* HM2UITests */ = {
			isa = PBXNativeTarget;
			buildConfigurationList = 6918A7551CC71BBE009B2A11 /* Build configuration list for PBXNativeTarget "HM2UITests" */;
			buildPhases = (
				6918A7421CC71BBE009B2A11 /* Sources */,
				6918A7431CC71BBE009B2A11 /* Frameworks */,
				6918A7441CC71BBE009B2A11 /* Resources */,
			);
			buildRules = (
			);
			dependencies = (
				6918A7481CC71BBE009B2A11 /* PBXTargetDependency */,
			);
			name = HM2UITests;
			productName = HM2UITests;
			productReference = 6918A7461CC71BBE009B2A11 /* HM2UITests.xctest */;
			productType = "com.apple.product-type.bundle.ui-testing";
		};
/* End PBXNativeTarget section */

/* Begin PBXProject section */
		6918A71A1CC71BBE009B2A11 /* Project object */ = {
			isa = PBXProject;
			attributes = {
				CLASSPREFIX = HM;
				LastUpgradeCheck = 0720;
				ORGANIZATIONNAME = JqlLove;
				TargetAttributes = {
					6918A7211CC71BBE009B2A11 = {
						CreatedOnToolsVersion = 7.2.1;
						DevelopmentTeam = XY3DX473G7;
					};
					6918A73A1CC71BBE009B2A11 = {
						CreatedOnToolsVersion = 7.2.1;
						TestTargetID = 6918A7211CC71BBE009B2A11;
					};
					6918A7451CC71BBE009B2A11 = {
						CreatedOnToolsVersion = 7.2.1;
						TestTargetID = 6918A7211CC71BBE009B2A11;
					};
				};
			};
			buildConfigurationList = 6918A71D1CC71BBE009B2A11 /* Build configuration list for PBXProject "HM2" */;
			compatibilityVersion = "Xcode 3.2";
			developmentRegion = English;
			hasScannedForEncodings = 0;
			knownRegions = (
				en,
				Base,
			);
			mainGroup = 6918A7191CC71BBE009B2A11;
			productRefGroup = 6918A7231CC71BBE009B2A11 /* Products */;
			projectDirPath = "";
			projectRoot = "";
			targets = (
				6918A7211CC71BBE009B2A11 /* HM2 */,
				6918A73A1CC71BBE009B2A11 /* HM2Tests */,
				6918A7451CC71BBE009B2A11 /* HM2UITests */,
			);
		};
/* End PBXProject section */

/* Begin PBXResourcesBuildPhase section */
		6918A7201CC71BBE009B2A11 /* Resources */ = {
			isa = PBXResourcesBuildPhase;
			buildActionMask = 2147483647;
			files = (
				61CDE3EE1E0699AB0040BCEF /* HMLoadMoreFooter.xib in Resources */,
				617B593C1E1BF6E60053685C /* fakeStatus.plist in Resources */,
				6918A7351CC71BBE009B2A11 /* LaunchScreen.storyboard in Resources */,
				61CDE3F51E069A280040BCEF /* HWLoadMoreFooter.xib in Resources */,
				6918A7321CC71BBE009B2A11 /* Assets.xcassets in Resources */,
				618A0FB41DFC318500D62CD3 /* MBProgressHUD.bundle in Resources */,
			);
			runOnlyForDeploymentPostprocessing = 0;
		};
		6918A7391CC71BBE009B2A11 /* Resources */ = {
			isa = PBXResourcesBuildPhase;
			buildActionMask = 2147483647;
			files = (
			);
			runOnlyForDeploymentPostprocessing = 0;
		};
		6918A7441CC71BBE009B2A11 /* Resources */ = {
			isa = PBXResourcesBuildPhase;
			buildActionMask = 2147483647;
			files = (
			);
			runOnlyForDeploymentPostprocessing = 0;
		};
/* End PBXResourcesBuildPhase section */

/* Begin PBXSourcesBuildPhase section */
		6918A71E1CC71BBE009B2A11 /* Sources */ = {
			isa = PBXSourcesBuildPhase;
			buildActionMask = 2147483647;
			files = (
				61CDE3CF1E054CDC0040BCEF /* MJTypeEncoding.m in Sources */,
				61CDE3AE1E05484C0040BCEF /* HMStatus.m in Sources */,
				617C47921DFB98CC00F51207 /* AFHTTPRequestOperation.m in Sources */,
				61702A291CCB5B17002E15A5 /* AppDelegate.m in Sources */,
				61CDE3CA1E054CDC0040BCEF /* MJFoundation.m in Sources */,
				61CDE3CC1E054CDC0040BCEF /* MJMember.m in Sources */,
				61702A2B1CCB5B17002E15A5 /* HMTabBarViewController.m in Sources */,
				9AAED3691E03857200FA9E66 /* SDWebImageManager.m in Sources */,
				61702A281CCB5B17002E15A5 /* UIView+HMExtention.m in Sources */,
				618A0FB31DFC318500D62CD3 /* MBProgressHUD+MJ.m in Sources */,
				61702A2E1CCB5B17002E15A5 /* HMTest2ViewController.m in Sources */,
				9AAED36D1E03857200FA9E66 /* UIImage+MultiFormat.m in Sources */,
				61CDE3C81E054CDC0040BCEF /* MJArgument.m in Sources */,
				61702A3A1CCB921D002E15A5 /* HMSeatchBarTextField.m in Sources */,
				61CDE3F41E069A280040BCEF /* HWLoadMoreFooter.m in Sources */,
				61CDE3ED1E0699AB0040BCEF /* HMLoadMoreFooter.m in Sources */,
				617B593A1E19058B0053685C /* HMStatusToolBar.m in Sources */,
				9AAED3671E03857200FA9E66 /* SDWebImageDownloader.m in Sources */,
				61702A2F1CCB5B17002E15A5 /* HMMessageTableViewController.m in Sources */,
				9AAED36E1E03857200FA9E66 /* UIImage+WebP.m in Sources */,
				618A0FB51DFC318500D62CD3 /* MBProgressHUD.m in Sources */,
				617C47941DFB98CC00F51207 /* AFHTTPSessionManager.m in Sources */,
				61702A301CCB5B17002E15A5 /* HMProfileTableViewController.m in Sources */,
				6187F5A51DFC54B200CB9CC7 /* HMOauthViewController.m in Sources */,
				9AAED36F1E03857200FA9E66 /* UIImageView+HighlightedWebCache.m in Sources */,
				9AAED3661E03857200FA9E66 /* SDWebImageDecoder.m in Sources */,
				9AAED36A1E03857200FA9E66 /* SDWebImagePrefetcher.m in Sources */,
				614ED37D1CCC71CE001EE125 /* HMMenu.m in Sources */,
				617C47951DFB98CC00F51207 /* AFNetworkReachabilityManager.m in Sources */,
				617C479A1DFB98CC00F51207 /* AFURLSessionManager.m in Sources */,
				6181043A1DFD966D000630A8 /* Foundation+Log.m in Sources */,
				6187F5A31DFC54B200CB9CC7 /* HMAccountTool.m in Sources */,
				61702A261CCB5B17002E15A5 /* HMDiscoverTableViewController.m in Sources */,
				9AAED36C1E03857200FA9E66 /* UIImage+GIF.m in Sources */,
				9AAED3701E03857200FA9E66 /* UIImageView+WebCache.m in Sources */,
				617B59371E1759F80053685C /* HMPhoto.m in Sources */,
				61CDE3D21E054CDC0040BCEF /* NSObject+MJMember.m in Sources */,
				61702A271CCB5B17002E15A5 /* HMHomeTableViewController.m in Sources */,
				9AAED3641E03857200FA9E66 /* SDImageCache.m in Sources */,
				618104381DFD1636000630A8 /* UIWindow+HMExtension.m in Sources */,
				6187F5A41DFC54B200CB9CC7 /* HMAcountModel.m in Sources */,
				617C47971DFB98CC00F51207 /* AFURLConnectionOperation.m in Sources */,
				61CDE3CE1E054CDC0040BCEF /* MJType.m in Sources */,
				617C47991DFB98CC00F51207 /* AFURLResponseSerialization.m in Sources */,
				61CDE3AF1E05484C0040BCEF /* HMUser.m in Sources */,
				9AAED3681E03857200FA9E66 /* SDWebImageDownloaderOperation.m in Sources */,
				6152C3E81CCE300E00305E59 /* HMTabBar.m in Sources */,
				61CDE3D11E054CDC0040BCEF /* NSObject+MJKeyValue.m in Sources */,
				617C47981DFB98CC00F51207 /* AFURLRequestSerialization.m in Sources */,
				9AAED3651E03857200FA9E66 /* SDWebImageCompat.m in Sources */,
				61CDE3D01E054CDC0040BCEF /* NSObject+MJCoding.m in Sources */,
				9AAED3631E03857200FA9E66 /* NSData+ImageContentType.m in Sources */,
				61702A2C1CCB5B17002E15A5 /* main.m in Sources */,
				61702A2A1CCB5B17002E15A5 /* HMNavigationViewController.m in Sources */,
				61702A331CCB6C70002E15A5 /* UIBarButtonItem+HMBarButtonItem.m in Sources */,
				61CDE3CB1E054CDC0040BCEF /* MJIvar.m in Sources */,
				619E14971E1146CF0050BF44 /* HMStatusFrame.m in Sources */,
				619E14941E1146B70050BF44 /* HMStatusCell.m in Sources */,
				61CDE3CD1E054CDC0040BCEF /* MJMethod.m in Sources */,
				9AAED36B1E03857200FA9E66 /* UIButton+WebCache.m in Sources */,
				61702A2D1CCB5B17002E15A5 /* HMTest1ViewController.m in Sources */,
				61EA10B41E00375E007E25A7 /* HMMyButton.m in Sources */,
				617C47931DFB98CC00F51207 /* AFHTTPRequestOperationManager.m in Sources */,
				9AAED3711E03857200FA9E66 /* UIView+WebCacheOperation.m in Sources */,
				61CDE3C91E054CDC0040BCEF /* MJConst.m in Sources */,
				9AAED3621E03857200FA9E66 /* MKAnnotationView+WebCache.m in Sources */,
				617C47961DFB98CC00F51207 /* AFSecurityPolicy.m in Sources */,
				6117B08D1CD0F19E00C764CF /* HMNewFutureViewController.m in Sources */,
			);
			runOnlyForDeploymentPostprocessing = 0;
		};
		6918A7371CC71BBE009B2A11 /* Sources */ = {
			isa = PBXSourcesBuildPhase;
			buildActionMask = 2147483647;
			files = (
				6918A7401CC71BBE009B2A11 /* HM2Tests.m in Sources */,
			);
			runOnlyForDeploymentPostprocessing = 0;
		};
		6918A7421CC71BBE009B2A11 /* Sources */ = {
			isa = PBXSourcesBuildPhase;
			buildActionMask = 2147483647;
			files = (
				6918A74B1CC71BBE009B2A11 /* HM2UITests.m in Sources */,
			);
			runOnlyForDeploymentPostprocessing = 0;
		};
/* End PBXSourcesBuildPhase section */

/* Begin PBXTargetDependency section */
		6918A73D1CC71BBE009B2A11 /* PBXTargetDependency */ = {
			isa = PBXTargetDependency;
			target = 6918A7211CC71BBE009B2A11 /* HM2 */;
			targetProxy = 6918A73C1CC71BBE009B2A11 /* PBXContainerItemProxy */;
		};
		6918A7481CC71BBE009B2A11 /* PBXTargetDependency */ = {
			isa = PBXTargetDependency;
			target = 6918A7211CC71BBE009B2A11 /* HM2 */;
			targetProxy = 6918A7471CC71BBE009B2A11 /* PBXContainerItemProxy */;
		};
/* End PBXTargetDependency section */

/* Begin PBXVariantGroup section */
		6918A7331CC71BBE009B2A11 /* LaunchScreen.storyboard */ = {
			isa = PBXVariantGroup;
			children = (
				6918A7341CC71BBE009B2A11 /* Base */,
			);
			name = LaunchScreen.storyboard;
			sourceTree = "<group>";
		};
/* End PBXVariantGroup section */

/* Begin XCBuildConfiguration section */
		6918A74D1CC71BBE009B2A11 /* Debug */ = {
			isa = XCBuildConfiguration;
			buildSettings = {
				ALWAYS_SEARCH_USER_PATHS = NO;
				CLANG_CXX_LANGUAGE_STANDARD = "gnu++0x";
				CLANG_CXX_LIBRARY = "libc++";
				CLANG_ENABLE_MODULES = YES;
				CLANG_ENABLE_OBJC_ARC = YES;
				CLANG_WARN_BOOL_CONVERSION = YES;
				CLANG_WARN_CONSTANT_CONVERSION = YES;
				CLANG_WARN_DIRECT_OBJC_ISA_USAGE = YES_ERROR;
				CLANG_WARN_EMPTY_BODY = YES;
				CLANG_WARN_ENUM_CONVERSION = YES;
				CLANG_WARN_INT_CONVERSION = YES;
				CLANG_WARN_OBJC_ROOT_CLASS = YES_ERROR;
				CLANG_WARN_UNREACHABLE_CODE = YES;
				CLANG_WARN__DUPLICATE_METHOD_MATCH = YES;
				CODE_SIGN_IDENTITY = "iPhone Developer: 244109084@qq.com (SF5UQ7EVEQ)";
				"CODE_SIGN_IDENTITY[sdk=iphoneos*]" = "iPhone Developer: 244109084@qq.com (SF5UQ7EVEQ)";
				COPY_PHASE_STRIP = NO;
				DEBUG_INFORMATION_FORMAT = dwarf;
				ENABLE_STRICT_OBJC_MSGSEND = YES;
				ENABLE_TESTABILITY = YES;
				GCC_C_LANGUAGE_STANDARD = gnu99;
				GCC_DYNAMIC_NO_PIC = NO;
				GCC_NO_COMMON_BLOCKS = YES;
				GCC_OPTIMIZATION_LEVEL = 0;
				GCC_PREPROCESSOR_DEFINITIONS = (
					"DEBUG=1",
					"$(inherited)",
				);
				GCC_WARN_64_TO_32_BIT_CONVERSION = YES;
				GCC_WARN_ABOUT_RETURN_TYPE = YES_ERROR;
				GCC_WARN_UNDECLARED_SELECTOR = YES;
				GCC_WARN_UNINITIALIZED_AUTOS = YES_AGGRESSIVE;
				GCC_WARN_UNUSED_FUNCTION = YES;
				GCC_WARN_UNUSED_VARIABLE = YES;
				IPHONEOS_DEPLOYMENT_TARGET = 9.3;
				MTL_ENABLE_DEBUG_INFO = YES;
				ONLY_ACTIVE_ARCH = YES;
				PROVISIONING_PROFILE = "";
				SDKROOT = iphoneos;
			};
			name = Debug;
		};
		6918A74E1CC71BBE009B2A11 /* Release */ = {
			isa = XCBuildConfiguration;
			buildSettings = {
				ALWAYS_SEARCH_USER_PATHS = NO;
				CLANG_CXX_LANGUAGE_STANDARD = "gnu++0x";
				CLANG_CXX_LIBRARY = "libc++";
				CLANG_ENABLE_MODULES = YES;
				CLANG_ENABLE_OBJC_ARC = YES;
				CLANG_WARN_BOOL_CONVERSION = YES;
				CLANG_WARN_CONSTANT_CONVERSION = YES;
				CLANG_WARN_DIRECT_OBJC_ISA_USAGE = YES_ERROR;
				CLANG_WARN_EMPTY_BODY = YES;
				CLANG_WARN_ENUM_CONVERSION = YES;
				CLANG_WARN_INT_CONVERSION = YES;
				CLANG_WARN_OBJC_ROOT_CLASS = YES_ERROR;
				CLANG_WARN_UNREACHABLE_CODE = YES;
				CLANG_WARN__DUPLICATE_METHOD_MATCH = YES;
				CODE_SIGN_IDENTITY = "iPhone Developer: 244109084@qq.com (SF5UQ7EVEQ)";
				"CODE_SIGN_IDENTITY[sdk=iphoneos*]" = "iPhone Developer: 244109084@qq.com (SF5UQ7EVEQ)";
				COPY_PHASE_STRIP = NO;
				DEBUG_INFORMATION_FORMAT = "dwarf-with-dsym";
				ENABLE_NS_ASSERTIONS = NO;
				ENABLE_STRICT_OBJC_MSGSEND = YES;
				GCC_C_LANGUAGE_STANDARD = gnu99;
				GCC_NO_COMMON_BLOCKS = YES;
				GCC_WARN_64_TO_32_BIT_CONVERSION = YES;
				GCC_WARN_ABOUT_RETURN_TYPE = YES_ERROR;
				GCC_WARN_UNDECLARED_SELECTOR = YES;
				GCC_WARN_UNINITIALIZED_AUTOS = YES_AGGRESSIVE;
				GCC_WARN_UNUSED_FUNCTION = YES;
				GCC_WARN_UNUSED_VARIABLE = YES;
				IPHONEOS_DEPLOYMENT_TARGET = 9.3;
				MTL_ENABLE_DEBUG_INFO = NO;
				PROVISIONING_PROFILE = "";
				SDKROOT = iphoneos;
				VALIDATE_PRODUCT = YES;
			};
			name = Release;
		};
		6918A7501CC71BBE009B2A11 /* Debug */ = {
			isa = XCBuildConfiguration;
			buildSettings = {
				ASSETCATALOG_COMPILER_APPICON_NAME = AppIcon;
				ASSETCATALOG_COMPILER_LAUNCHIMAGE_NAME = LaunchImage;
				CODE_SIGN_IDENTITY = "iPhone Developer";
				"CODE_SIGN_IDENTITY[sdk=iphoneos*]" = "iPhone Developer";
				CREATE_INFOPLIST_SECTION_IN_BINARY = NO;
				GCC_PREFIX_HEADER = HM2/PrefixHeader.pch;
				INFOPLIST_EXPAND_BUILD_SETTINGS = YES;
				INFOPLIST_FILE = HM2/Info.plist;
				INFOPLIST_OUTPUT_FORMAT = binary;
				INFOPLIST_PREPROCESS = NO;
				IPHONEOS_DEPLOYMENT_TARGET = 8.0;
				LD_RUNPATH_SEARCH_PATHS = "$(inherited) @executable_path/Frameworks";
				PRODUCT_BUNDLE_IDENTIFIER = jiaodd;
				PRODUCT_NAME = HM2;
				PROVISIONING_PROFILE = "";
				TARGETED_DEVICE_FAMILY = 1;
			};
			name = Debug;
		};
		6918A7511CC71BBE009B2A11 /* Release */ = {
			isa = XCBuildConfiguration;
			buildSettings = {
				ASSETCATALOG_COMPILER_APPICON_NAME = AppIcon;
				ASSETCATALOG_COMPILER_LAUNCHIMAGE_NAME = LaunchImage;
				CODE_SIGN_IDENTITY = "iPhone Developer";
				"CODE_SIGN_IDENTITY[sdk=iphoneos*]" = "iPhone Developer";
				CREATE_INFOPLIST_SECTION_IN_BINARY = NO;
				GCC_PREFIX_HEADER = HM2/PrefixHeader.pch;
				INFOPLIST_EXPAND_BUILD_SETTINGS = YES;
				INFOPLIST_FILE = HM2/Info.plist;
				INFOPLIST_OUTPUT_FORMAT = binary;
				INFOPLIST_PREPROCESS = NO;
				IPHONEOS_DEPLOYMENT_TARGET = 8.0;
				LD_RUNPATH_SEARCH_PATHS = "$(inherited) @executable_path/Frameworks";
				PRODUCT_BUNDLE_IDENTIFIER = jiaodd;
				PRODUCT_NAME = HM2;
				PROVISIONING_PROFILE = "";
				TARGETED_DEVICE_FAMILY = 1;
			};
			name = Release;
		};
		6918A7531CC71BBE009B2A11 /* Debug */ = {
			isa = XCBuildConfiguration;
			buildSettings = {
				BUNDLE_LOADER = "$(TEST_HOST)";
				INFOPLIST_FILE = HM2Tests/Info.plist;
				LD_RUNPATH_SEARCH_PATHS = "$(inherited) @executable_path/Frameworks @loader_path/Frameworks";
				PRODUCT_BUNDLE_IDENTIFIER = com.guan.HM2Tests;
				PRODUCT_NAME = "$(TARGET_NAME)";
				TEST_HOST = "$(BUILT_PRODUCTS_DIR)/HM2.app/HM2";
			};
			name = Debug;
		};
		6918A7541CC71BBE009B2A11 /* Release */ = {
			isa = XCBuildConfiguration;
			buildSettings = {
				BUNDLE_LOADER = "$(TEST_HOST)";
				INFOPLIST_FILE = HM2Tests/Info.plist;
				LD_RUNPATH_SEARCH_PATHS = "$(inherited) @executable_path/Frameworks @loader_path/Frameworks";
				PRODUCT_BUNDLE_IDENTIFIER = com.guan.HM2Tests;
				PRODUCT_NAME = "$(TARGET_NAME)";
				TEST_HOST = "$(BUILT_PRODUCTS_DIR)/HM2.app/HM2";
			};
			name = Release;
		};
		6918A7561CC71BBE009B2A11 /* Debug */ = {
			isa = XCBuildConfiguration;
			buildSettings = {
				INFOPLIST_FILE = HM2UITests/Info.plist;
				LD_RUNPATH_SEARCH_PATHS = "$(inherited) @executable_path/Frameworks @loader_path/Frameworks";
				PRODUCT_BUNDLE_IDENTIFIER = com.guan.HM2UITests;
				PRODUCT_NAME = "$(TARGET_NAME)";
				TEST_TARGET_NAME = HM2;
				USES_XCTRUNNER = YES;
			};
			name = Debug;
		};
		6918A7571CC71BBE009B2A11 /* Release */ = {
			isa = XCBuildConfiguration;
			buildSettings = {
				INFOPLIST_FILE = HM2UITests/Info.plist;
				LD_RUNPATH_SEARCH_PATHS = "$(inherited) @executable_path/Frameworks @loader_path/Frameworks";
				PRODUCT_BUNDLE_IDENTIFIER = com.guan.HM2UITests;
				PRODUCT_NAME = "$(TARGET_NAME)";
				TEST_TARGET_NAME = HM2;
				USES_XCTRUNNER = YES;
			};
			name = Release;
		};
/* End XCBuildConfiguration section */

/* Begin XCConfigurationList section */
		6918A71D1CC71BBE009B2A11 /* Build configuration list for PBXProject "HM2" */ = {
			isa = XCConfigurationList;
			buildConfigurations = (
				6918A74D1CC71BBE009B2A11 /* Debug */,
				6918A74E1CC71BBE009B2A11 /* Release */,
			);
			defaultConfigurationIsVisible = 0;
			defaultConfigurationName = Release;
		};
		6918A74F1CC71BBE009B2A11 /* Build configuration list for PBXNativeTarget "HM2" */ = {
			isa = XCConfigurationList;
			buildConfigurations = (
				6918A7501CC71BBE009B2A11 /* Debug */,
				6918A7511CC71BBE009B2A11 /* Release */,
			);
			defaultConfigurationIsVisible = 0;
			defaultConfigurationName = Release;
		};
		6918A7521CC71BBE009B2A11 /* Build configuration list for PBXNativeTarget "HM2Tests" */ = {
			isa = XCConfigurationList;
			buildConfigurations = (
				6918A7531CC71BBE009B2A11 /* Debug */,
				6918A7541CC71BBE009B2A11 /* Release */,
			);
			defaultConfigurationIsVisible = 0;
			defaultConfigurationName = Release;
		};
		6918A7551CC71BBE009B2A11 /* Build configuration list for PBXNativeTarget "HM2UITests" */ = {
			isa = XCConfigurationList;
			buildConfigurations = (
				6918A7561CC71BBE009B2A11 /* Debug */,
				6918A7571CC71BBE009B2A11 /* Release */,
			);
			defaultConfigurationIsVisible = 0;
			defaultConfigurationName = Release;
		};
/* End XCConfigurationList section */
	};
	rootObject = 6918A71A1CC71BBE009B2A11 /* Project object */;
}
